// !$*UTF8*$!
{
	archiveVersion = 1;
	classes = {
	};
	objectVersion = 46;
	objects = {

/* Begin PBXBuildFile section */
		61703AFB1F8B064B00DDFE1C /* GYChatInputCustomView.m in Sources */ = {isa = PBXBuildFile; fileRef = 61703A401F8B064A00DDFE1C /* GYChatInputCustomView.m */; };
		61703AFC1F8B064B00DDFE1C /* GYChatInputStyle1View.m in Sources */ = {isa = PBXBuildFile; fileRef = 61703A431F8B064A00DDFE1C /* GYChatInputStyle1View.m */; };
		61703AFD1F8B064B00DDFE1C /* GYChatManager.m in Sources */ = {isa = PBXBuildFile; fileRef = 61703A451F8B064A00DDFE1C /* GYChatManager.m */; };
		61703AFE1F8B064B00DDFE1C /* GYChatView.m in Sources */ = {isa = PBXBuildFile; fileRef = 61703A481F8B064A00DDFE1C /* GYChatView.m */; };
		61703AFF1F8B064B00DDFE1C /* GYMotionView.m in Sources */ = {isa = PBXBuildFile; fileRef = 61703A4B1F8B064A00DDFE1C /* GYMotionView.m */; };
		61703B001F8B064B00DDFE1C /* GYPicView.m in Sources */ = {isa = PBXBuildFile; fileRef = 61703A4E1F8B064A00DDFE1C /* GYPicView.m */; };
		61703B011F8B064B00DDFE1C /* GYVoiceInputPromptView.m in Sources */ = {isa = PBXBuildFile; fileRef = 61703A521F8B064A00DDFE1C /* GYVoiceInputPromptView.m */; };
		61703B021F8B064B00DDFE1C /* Album_ToolViewEmotion.png in Resources */ = {isa = PBXBuildFile; fileRef = 61703A551F8B064A00DDFE1C /* Album_ToolViewEmotion.png */; };
		61703B031F8B064B00DDFE1C /* cancel_audio.png in Resources */ = {isa = PBXBuildFile; fileRef = 61703A561F8B064A00DDFE1C /* cancel_audio.png */; };
		61703B041F8B064B00DDFE1C /* chat_camera_icon.png in Resources */ = {isa = PBXBuildFile; fileRef = 61703A571F8B064A00DDFE1C /* chat_camera_icon.png */; };
		61703B051F8B064B00DDFE1C /* chat_camera_icon_hl.png in Resources */ = {isa = PBXBuildFile; fileRef = 61703A581F8B064A00DDFE1C /* chat_camera_icon_hl.png */; };
		61703B061F8B064B00DDFE1C /* chat_file_icon.png in Resources */ = {isa = PBXBuildFile; fileRef = 61703A591F8B064A00DDFE1C /* chat_file_icon.png */; };
		61703B071F8B064B00DDFE1C /* chat_file_icon_hl.png in Resources */ = {isa = PBXBuildFile; fileRef = 61703A5A1F8B064A00DDFE1C /* chat_file_icon_hl.png */; };
		61703B081F8B064B00DDFE1C /* chat_picture_icon.png in Resources */ = {isa = PBXBuildFile; fileRef = 61703A5B1F8B064A00DDFE1C /* chat_picture_icon.png */; };
		61703B091F8B064B00DDFE1C /* chat_picture_icon_hl.png in Resources */ = {isa = PBXBuildFile; fileRef = 61703A5C1F8B064A00DDFE1C /* chat_picture_icon_hl.png */; };
		61703B0A1F8B064B00DDFE1C /* chat_receipt_icon.png in Resources */ = {isa = PBXBuildFile; fileRef = 61703A5D1F8B064A00DDFE1C /* chat_receipt_icon.png */; };
		61703B0B1F8B064B00DDFE1C /* chat_receipt_icon_hl.png in Resources */ = {isa = PBXBuildFile; fileRef = 61703A5E1F8B064A00DDFE1C /* chat_receipt_icon_hl.png */; };
		61703B0C1F8B064B00DDFE1C /* chat_video_icon.png in Resources */ = {isa = PBXBuildFile; fileRef = 61703A5F1F8B064A00DDFE1C /* chat_video_icon.png */; };
		61703B0D1F8B064B00DDFE1C /* chat_video_icon_hl.png in Resources */ = {isa = PBXBuildFile; fileRef = 61703A601F8B064A00DDFE1C /* chat_video_icon_hl.png */; };
		61703B0E1F8B064B00DDFE1C /* face_am.png in Resources */ = {isa = PBXBuildFile; fileRef = 61703A621F8B064A00DDFE1C /* face_am.png */; };
		61703B0F1F8B064B00DDFE1C /* face_ax.png in Resources */ = {isa = PBXBuildFile; fileRef = 61703A631F8B064A00DDFE1C /* face_ax.png */; };
		61703B101F8B064B00DDFE1C /* face_baib.png in Resources */ = {isa = PBXBuildFile; fileRef = 61703A641F8B064A00DDFE1C /* face_baib.png */; };
		61703B111F8B064B00DDFE1C /* face_bq.png in Resources */ = {isa = PBXBuildFile; fileRef = 61703A651F8B064A00DDFE1C /* face_bq.png */; };
		61703B121F8B064B00DDFE1C /* face_bs.png in Resources */ = {isa = PBXBuildFile; fileRef = 61703A661F8B064A00DDFE1C /* face_bs.png */; };
		61703B131F8B064B00DDFE1C /* face_bx.png in Resources */ = {isa = PBXBuildFile; fileRef = 61703A671F8B064A00DDFE1C /* face_bx.png */; };
		61703B141F8B064B00DDFE1C /* face_by.png in Resources */ = {isa = PBXBuildFile; fileRef = 61703A681F8B064A00DDFE1C /* face_by.png */; };
		61703B151F8B064B00DDFE1C /* face_bz.png in Resources */ = {isa = PBXBuildFile; fileRef = 61703A691F8B064A00DDFE1C /* face_bz.png */; };
		61703B161F8B064B00DDFE1C /* face_cj.png in Resources */ = {isa = PBXBuildFile; fileRef = 61703A6A1F8B064A00DDFE1C /* face_cj.png */; };
		61703B171F8B064B00DDFE1C /* face_coffee.png in Resources */ = {isa = PBXBuildFile; fileRef = 61703A6B1F8B064A00DDFE1C /* face_coffee.png */; };
		61703B181F8B064B00DDFE1C /* face_coffee1.png in Resources */ = {isa = PBXBuildFile; fileRef = 61703A6C1F8B064A00DDFE1C /* face_coffee1.png */; };
		61703B191F8B064B00DDFE1C /* face_dao.png in Resources */ = {isa = PBXBuildFile; fileRef = 61703A6D1F8B064A00DDFE1C /* face_dao.png */; };
		61703B1A1F8B064B00DDFE1C /* face_dh.png in Resources */ = {isa = PBXBuildFile; fileRef = 61703A6E1F8B064A00DDFE1C /* face_dh.png */; };
		61703B1B1F8B064B00DDFE1C /* face_dk.png in Resources */ = {isa = PBXBuildFile; fileRef = 61703A6F1F8B064A00DDFE1C /* face_dk.png */; };
		61703B1C1F8B064B00DDFE1C /* face_dsj.png in Resources */ = {isa = PBXBuildFile; fileRef = 61703A701F8B064A00DDFE1C /* face_dsj.png */; };
		61703B1D1F8B064B00DDFE1C /* face_dx.png in Resources */ = {isa = PBXBuildFile; fileRef = 61703A711F8B064A00DDFE1C /* face_dx.png */; };
		61703B1E1F8B064B00DDFE1C /* face_email.png in Resources */ = {isa = PBXBuildFile; fileRef = 61703A721F8B064A00DDFE1C /* face_email.png */; };
		61703B1F1F8B064B00DDFE1C /* face_ex.png in Resources */ = {isa = PBXBuildFile; fileRef = 61703A731F8B064A00DDFE1C /* face_ex.png */; };
		61703B201F8B064B00DDFE1C /* face_fd.png in Resources */ = {isa = PBXBuildFile; fileRef = 61703A741F8B064A00DDFE1C /* face_fd.png */; };
		61703B211F8B064B00DDFE1C /* face_fdou.png in Resources */ = {isa = PBXBuildFile; fileRef = 61703A751F8B064A00DDFE1C /* face_fdou.png */; };
		61703B221F8B064B00DDFE1C /* face_fjding.png in Resources */ = {isa = PBXBuildFile; fileRef = 61703A761F8B064A00DDFE1C /* face_fjding.png */; };
		61703B231F8B064B00DDFE1C /* face_fjdy.png in Resources */ = {isa = PBXBuildFile; fileRef = 61703A771F8B064A00DDFE1C /* face_fjdy.png */; };
		61703B241F8B064B00DDFE1C /* face_fjfw.png in Resources */ = {isa = PBXBuildFile; fileRef = 61703A781F8B064A00DDFE1C /* face_fjfw.png */; };
		61703B251F8B064B00DDFE1C /* face_fjhang.png in Resources */ = {isa = PBXBuildFile; fileRef = 61703A791F8B064A00DDFE1C /* face_fjhang.png */; };
		61703B261F8B064B00DDFE1C /* face_fjku.png in Resources */ = {isa = PBXBuildFile; fileRef = 61703A7A1F8B064A00DDFE1C /* face_fjku.png */; };
		61703B271F8B064B00DDFE1C /* face_fjrz.png in Resources */ = {isa = PBXBuildFile; fileRef = 61703A7B1F8B064A00DDFE1C /* face_fjrz.png */; };
		61703B281F8B064B00DDFE1C /* face_fjwq.png in Resources */ = {isa = PBXBuildFile; fileRef = 61703A7C1F8B064A00DDFE1C /* face_fjwq.png */; };
		61703B291F8B064B00DDFE1C /* face_fjwx.png in Resources */ = {isa = PBXBuildFile; fileRef = 61703A7D1F8B064A00DDFE1C /* face_fjwx.png */; };
		61703B2A1F8B064B00DDFE1C /* face_fjyun.png in Resources */ = {isa = PBXBuildFile; fileRef = 61703A7E1F8B064A00DDFE1C /* face_fjyun.png */; };
		61703B2B1F8B064B00DDFE1C /* face_gg.png in Resources */ = {isa = PBXBuildFile; fileRef = 61703A7F1F8B064A00DDFE1C /* face_gg.png */; };
		61703B2C1F8B064B00DDFE1C /* face_girl.png in Resources */ = {isa = PBXBuildFile; fileRef = 61703A801F8B064A00DDFE1C /* face_girl.png */; };
		61703B2D1F8B064B00DDFE1C /* face_gz1.png in Resources */ = {isa = PBXBuildFile; fileRef = 61703A811F8B064A00DDFE1C /* face_gz1.png */; };
		61703B2E1F8B064B00DDFE1C /* face_gz2.png in Resources */ = {isa = PBXBuildFile; fileRef = 61703A821F8B064A00DDFE1C /* face_gz2.png */; };
		61703B2F1F8B064B00DDFE1C /* face_han.png in Resources */ = {isa = PBXBuildFile; fileRef = 61703A831F8B064A00DDFE1C /* face_han.png */; };
		61703B301F8B064B00DDFE1C /* face_heng.png in Resources */ = {isa = PBXBuildFile; fileRef = 61703A841F8B064A00DDFE1C /* face_heng.png */; };
		61703B311F8B064B00DDFE1C /* face_huiy.png in Resources */ = {isa = PBXBuildFile; fileRef = 61703A851F8B064A00DDFE1C /* face_huiy.png */; };
		61703B321F8B064B00DDFE1C /* face_hx.png in Resources */ = {isa = PBXBuildFile; fileRef = 61703A861F8B064A00DDFE1C /* face_hx.png */; };
		61703B331F8B064B00DDFE1C /* face_hxiao.png in Resources */ = {isa = PBXBuildFile; fileRef = 61703A871F8B064A00DDFE1C /* face_hxiao.png */; };
		61703B341F8B064B00DDFE1C /* face_hxiu.png in Resources */ = {isa = PBXBuildFile; fileRef = 61703A881F8B064A00DDFE1C /* face_hxiu.png */; };
		61703B351F8B064B00DDFE1C /* face_hy.png in Resources */ = {isa = PBXBuildFile; fileRef = 61703A891F8B064A00DDFE1C /* face_hy.png */; };
		61703B361F8B064B00DDFE1C /* face_hz.png in Resources */ = {isa = PBXBuildFile; fileRef = 61703A8A1F8B064A00DDFE1C /* face_hz.png */; };
		61703B371F8B064B00DDFE1C /* face_je.png in Resources */ = {isa = PBXBuildFile; fileRef = 61703A8B1F8B064A00DDFE1C /* face_je.png */; };
		61703B381F8B064B00DDFE1C /* face_jiub.png in Resources */ = {isa = PBXBuildFile; fileRef = 61703A8C1F8B064A00DDFE1C /* face_jiub.png */; };
		61703B391F8B064B00DDFE1C /* face_jk.png in Resources */ = {isa = PBXBuildFile; fileRef = 61703A8D1F8B064A00DDFE1C /* face_jk.png */; };
		61703B3A1F8B064B00DDFE1C /* face_jl.png in Resources */ = {isa = PBXBuildFile; fileRef = 61703A8E1F8B064A00DDFE1C /* face_jl.png */; };
		61703B3B1F8B064B00DDFE1C /* face_jy.png in Resources */ = {isa = PBXBuildFile; fileRef = 61703A8F1F8B064A00DDFE1C /* face_jy.png */; };
		61703B3C1F8B064B00DDFE1C /* face_ka.png in Resources */ = {isa = PBXBuildFile; fileRef = 61703A901F8B064A00DDFE1C /* face_ka.png */; };
		61703B3D1F8B064B00DDFE1C /* face_kl.png in Resources */ = {isa = PBXBuildFile; fileRef = 61703A911F8B064A00DDFE1C /* face_kl.png */; };
		61703B3E1F8B064B00DDFE1C /* face_ku.png in Resources */ = {isa = PBXBuildFile; fileRef = 61703A921F8B064A00DDFE1C /* face_ku.png */; };
		61703B3F1F8B064B00DDFE1C /* face_kun.png in Resources */ = {isa = PBXBuildFile; fileRef = 61703A931F8B064A00DDFE1C /* face_kun.png */; };
		61703B401F8B064B00DDFE1C /* face_lh.png in Resources */ = {isa = PBXBuildFile; fileRef = 61703A941F8B064A00DDFE1C /* face_lh.png */; };
		61703B411F8B064B00DDFE1C /* face_lh2.png in Resources */ = {isa = PBXBuildFile; fileRef = 61703A951F8B064A00DDFE1C /* face_lh2.png */; };
		61703B421F8B064B00DDFE1C /* face_lhan.png in Resources */ = {isa = PBXBuildFile; fileRef = 61703A961F8B064A00DDFE1C /* face_lhan.png */; };
		61703B431F8B064B00DDFE1C /* face_llei.png in Resources */ = {isa = PBXBuildFile; fileRef = 61703A971F8B064A00DDFE1C /* face_llei.png */; };
		61703B441F8B064B00DDFE1C /* face_lw.png in Resources */ = {isa = PBXBuildFile; fileRef = 61703A981F8B064A00DDFE1C /* face_lw.png */; };
		61703B451F8B064B00DDFE1C /* face_money.png in Resources */ = {isa = PBXBuildFile; fileRef = 61703A991F8B064A00DDFE1C /* face_money.png */; };
		61703B461F8B064B00DDFE1C /* face_money2.png in Resources */ = {isa = PBXBuildFile; fileRef = 61703A9A1F8B064A00DDFE1C /* face_money2.png */; };
		61703B471F8B064B00DDFE1C /* face_music.png in Resources */ = {isa = PBXBuildFile; fileRef = 61703A9B1F8B064A00DDFE1C /* face_music.png */; };
		61703B481F8B064B00DDFE1C /* face_ncc.png in Resources */ = {isa = PBXBuildFile; fileRef = 61703A9C1F8B064A00DDFE1C /* face_ncc.png */; };
		61703B491F8B064B00DDFE1C /* face_ncs.png in Resources */ = {isa = PBXBuildFile; fileRef = 61703A9D1F8B064A00DDFE1C /* face_ncs.png */; };
		61703B4A1F8B064B00DDFE1C /* face_ndbq.png in Resources */ = {isa = PBXBuildFile; fileRef = 61703A9E1F8B064A00DDFE1C /* face_ndbq.png */; };
		61703B4B1F8B064B00DDFE1C /* face_ndd.png in Resources */ = {isa = PBXBuildFile; fileRef = 61703A9F1F8B064A00DDFE1C /* face_ndd.png */; };
		61703B4C1F8B064B00DDFE1C /* face_ndk.png in Resources */ = {isa = PBXBuildFile; fileRef = 61703AA01F8B064A00DDFE1C /* face_ndk.png */; };
		61703B4D1F8B064B00DDFE1C /* face_ndl.png in Resources */ = {isa = PBXBuildFile; fileRef = 61703AA11F8B064A00DDFE1C /* face_ndl.png */; };
		61703B4E1F8B064B00DDFE1C /* face_ndnfz.png in Resources */ = {isa = PBXBuildFile; fileRef = 61703AA21F8B064A00DDFE1C /* face_ndnfz.png */; };
		61703B4F1F8B064B00DDFE1C /* face_nds.png in Resources */ = {isa = PBXBuildFile; fileRef = 61703AA31F8B064A00DDFE1C /* face_nds.png */; };
		61703B501F8B064B00DDFE1C /* face_ndshu.png in Resources */ = {isa = PBXBuildFile; fileRef = 61703AA41F8B064A00DDFE1C /* face_ndshu.png */; };
		61703B511F8B064B00DDFE1C /* face_ndy.png in Resources */ = {isa = PBXBuildFile; fileRef = 61703AA51F8B064A00DDFE1C /* face_ndy.png */; };
		61703B521F8B064B00DDFE1C /* face_nfd.png in Resources */ = {isa = PBXBuildFile; fileRef = 61703AA61F8B064A00DDFE1C /* face_nfd.png */; };
		61703B531F8B064B00DDFE1C /* face_nfdn.png in Resources */ = {isa = PBXBuildFile; fileRef = 61703AA71F8B064A00DDFE1C /* face_nfdn.png */; };
		61703B541F8B064B00DDFE1C /* face_nfn.png in Resources */ = {isa = PBXBuildFile; fileRef = 61703AA81F8B064A00DDFE1C /* face_nfn.png */; };
		61703B551F8B064B00DDFE1C /* face_ng.png in Resources */ = {isa = PBXBuildFile; fileRef = 61703AA91F8B064A00DDFE1C /* face_ng.png */; };
		61703B561F8B064B00DDFE1C /* face_ngirl.png in Resources */ = {isa = PBXBuildFile; fileRef = 61703AAA1F8B064A00DDFE1C /* face_ngirl.png */; };
		61703B571F8B064B00DDFE1C /* face_ngl.png in Resources */ = {isa = PBXBuildFile; fileRef = 61703AAB1F8B064A00DDFE1C /* face_ngl.png */; };
		61703B581F8B064B00DDFE1C /* face_nheng.png in Resources */ = {isa = PBXBuildFile; fileRef = 61703AAC1F8B064A00DDFE1C /* face_nheng.png */; };
		61703B591F8B064B00DDFE1C /* face_nhx.png in Resources */ = {isa = PBXBuildFile; fileRef = 61703AAD1F8B064A00DDFE1C /* face_nhx.png */; };
		61703B5A1F8B064B00DDFE1C /* face_nhxiu.png in Resources */ = {isa = PBXBuildFile; fileRef = 61703AAE1F8B064A00DDFE1C /* face_nhxiu.png */; };
		61703B5B1F8B064B00DDFE1C /* face_njiong.png in Resources */ = {isa = PBXBuildFile; fileRef = 61703AAF1F8B064A00DDFE1C /* face_njiong.png */; };
		61703B5C1F8B064B00DDFE1C /* face_njr.png in Resources */ = {isa = PBXBuildFile; fileRef = 61703AB01F8B064A00DDFE1C /* face_njr.png */; };
		61703B5D1F8B064B00DDFE1C /* face_njy.png in Resources */ = {isa = PBXBuildFile; fileRef = 61703AB11F8B064A00DDFE1C /* face_njy.png */; };
		61703B5E1F8B064B00DDFE1C /* face_nkj.png in Resources */ = {isa = PBXBuildFile; fileRef = 61703AB21F8B064A00DDFE1C /* face_nkj.png */; };
		61703B5F1F8B064B00DDFE1C /* face_nku.png in Resources */ = {isa = PBXBuildFile; fileRef = 61703AB31F8B064A00DDFE1C /* face_nku.png */; };
		61703B601F8B064B00DDFE1C /* face_nkun.png in Resources */ = {isa = PBXBuildFile; fileRef = 61703AB41F8B064A00DDFE1C /* face_nkun.png */; };
		61703B611F8B064B00DDFE1C /* face_nlei.png in Resources */ = {isa = PBXBuildFile; fileRef = 61703AB51F8B064A00DDFE1C /* face_nlei.png */; };
		61703B621F8B064B00DDFE1C /* face_nlhai.png in Resources */ = {isa = PBXBuildFile; fileRef = 61703AB61F8B064A00DDFE1C /* face_nlhai.png */; };
		61703B631F8B064B00DDFE1C /* face_nmg.png in Resources */ = {isa = PBXBuildFile; fileRef = 61703AB71F8B064A00DDFE1C /* face_nmg.png */; };
		61703B641F8B064B00DDFE1C /* face_nnb.png in Resources */ = {isa = PBXBuildFile; fileRef = 61703AB81F8B064A00DDFE1C /* face_nnb.png */; };
		61703B651F8B064B00DDFE1C /* face_nnguo.png in Resources */ = {isa = PBXBuildFile; fileRef = 61703AB91F8B064A00DDFE1C /* face_nnguo.png */; };
		61703B661F8B064B00DDFE1C /* face_nnlmm.png in Resources */ = {isa = PBXBuildFile; fileRef = 61703ABA1F8B064A00DDFE1C /* face_nnlmm.png */; };
		61703B671F8B064B00DDFE1C /* face_nno.png in Resources */ = {isa = PBXBuildFile; fileRef = 61703ABB1F8B064A00DDFE1C /* face_nno.png */; };
		61703B681F8B064B00DDFE1C /* face_nok.png in Resources */ = {isa = PBXBuildFile; fileRef = 61703ABC1F8B064A00DDFE1C /* face_nok.png */; };
		61703B691F8B064B00DDFE1C /* face_nsh.png in Resources */ = {isa = PBXBuildFile; fileRef = 61703ABD1F8B064A00DDFE1C /* face_nsh.png */; };
		61703B6A1F8B064B00DDFE1C /* face_nsx.png in Resources */ = {isa = PBXBuildFile; fileRef = 61703ABE1F8B064A00DDFE1C /* face_nsx.png */; };
		61703B6B1F8B064B00DDFE1C /* face_ntc.png in Resources */ = {isa = PBXBuildFile; fileRef = 61703ABF1F8B064A00DDFE1C /* face_ntc.png */; };
		61703B6C1F8B064B00DDFE1C /* face_ntq.png in Resources */ = {isa = PBXBuildFile; fileRef = 61703AC01F8B064A00DDFE1C /* face_ntq.png */; };
		61703B6D1F8B064B00DDFE1C /* face_ntqiu.png in Resources */ = {isa = PBXBuildFile; fileRef = 61703AC11F8B064A00DDFE1C /* face_ntqiu.png */; };
		61703B6E1F8B064B00DDFE1C /* face_ntx.png in Resources */ = {isa = PBXBuildFile; fileRef = 61703AC21F8B064A00DDFE1C /* face_ntx.png */; };
		61703B6F1F8B064B00DDFE1C /* face_nu.png in Resources */ = {isa = PBXBuildFile; fileRef = 61703AC31F8B064A00DDFE1C /* face_nu.png */; };
		61703B701F8B064B00DDFE1C /* face_nwq.png in Resources */ = {isa = PBXBuildFile; fileRef = 61703AC41F8B064A00DDFE1C /* face_nwq.png */; };
		61703B711F8B064B00DDFE1C /* face_nxhnf.png in Resources */ = {isa = PBXBuildFile; fileRef = 61703AC51F8B064A00DDFE1C /* face_nxhnf.png */; };
		61703B721F8B064B00DDFE1C /* face_nxw.png in Resources */ = {isa = PBXBuildFile; fileRef = 61703AC61F8B064A00DDFE1C /* face_nxw.png */; };
		61703B731F8B064B00DDFE1C /* face_nxx.png in Resources */ = {isa = PBXBuildFile; fileRef = 61703AC71F8B064A00DDFE1C /* face_nxx.png */; };
		61703B741F8B064B00DDFE1C /* face_nyb.png in Resources */ = {isa = PBXBuildFile; fileRef = 61703AC81F8B064A00DDFE1C /* face_nyb.png */; };
		61703B751F8B064B00DDFE1C /* face_nyw.png in Resources */ = {isa = PBXBuildFile; fileRef = 61703AC91F8B064A00DDFE1C /* face_nyw.png */; };
		61703B761F8B064B00DDFE1C /* face_nzan.png in Resources */ = {isa = PBXBuildFile; fileRef = 61703ACA1F8B064A00DDFE1C /* face_nzan.png */; };
		61703B771F8B064B00DDFE1C /* face_nzd.png in Resources */ = {isa = PBXBuildFile; fileRef = 61703ACB1F8B064A00DDFE1C /* face_nzd.png */; };
		61703B781F8B064B00DDFE1C /* face_nzk.png in Resources */ = {isa = PBXBuildFile; fileRef = 61703ACC1F8B064A00DDFE1C /* face_nzk.png */; };
		61703B791F8B064B00DDFE1C /* face_nzxr.png in Resources */ = {isa = PBXBuildFile; fileRef = 61703ACD1F8B064A00DDFE1C /* face_nzxr.png */; };
		61703B7A1F8B064B00DDFE1C /* face_ok.png in Resources */ = {isa = PBXBuildFile; fileRef = 61703ACE1F8B064A00DDFE1C /* face_ok.png */; };
		61703B7B1F8B064B00DDFE1C /* face_pj.png in Resources */ = {isa = PBXBuildFile; fileRef = 61703ACF1F8B064A00DDFE1C /* face_pj.png */; };
		61703B7C1F8B064B00DDFE1C /* face_ppq.png in Resources */ = {isa = PBXBuildFile; fileRef = 61703AD01F8B064A00DDFE1C /* face_ppq.png */; };
		61703B7D1F8B064B00DDFE1C /* face_qd.png in Resources */ = {isa = PBXBuildFile; fileRef = 61703AD11F8B064A00DDFE1C /* face_qd.png */; };
		61703B7E1F8B064B00DDFE1C /* face_qq.png in Resources */ = {isa = PBXBuildFile; fileRef = 61703AD21F8B064A00DDFE1C /* face_qq.png */; };
		61703B7F1F8B064B00DDFE1C /* face_sc.png in Resources */ = {isa = PBXBuildFile; fileRef = 61703AD31F8B064A00DDFE1C /* face_sc.png */; };
		61703B801F8B064B00DDFE1C /* face_se.png in Resources */ = {isa = PBXBuildFile; fileRef = 61703AD41F8B064A00DDFE1C /* face_se.png */; };
		61703B811F8B064B00DDFE1C /* face_shh.png in Resources */ = {isa = PBXBuildFile; fileRef = 61703AD51F8B064A00DDFE1C /* face_shh.png */; };
		61703B821F8B064B00DDFE1C /* face_shuai.png in Resources */ = {isa = PBXBuildFile; fileRef = 61703AD61F8B064A00DDFE1C /* face_shuai.png */; };
		61703B831F8B064B00DDFE1C /* face_sj.png in Resources */ = {isa = PBXBuildFile; fileRef = 61703AD71F8B064A00DDFE1C /* face_sj.png */; };
		61703B841F8B064B00DDFE1C /* face_sl.png in Resources */ = {isa = PBXBuildFile; fileRef = 61703AD81F8B064A00DDFE1C /* face_sl.png */; };
		61703B851F8B064B00DDFE1C /* face_tc.png in Resources */ = {isa = PBXBuildFile; fileRef = 61703AD91F8B064A00DDFE1C /* face_tc.png */; };
		61703B861F8B064B00DDFE1C /* face_tp.png in Resources */ = {isa = PBXBuildFile; fileRef = 61703ADA1F8B064A00DDFE1C /* face_tp.png */; };
		61703B871F8B064B00DDFE1C /* face_tu.png in Resources */ = {isa = PBXBuildFile; fileRef = 61703ADB1F8B064A00DDFE1C /* face_tu.png */; };
		61703B881F8B064B00DDFE1C /* face_tx.png in Resources */ = {isa = PBXBuildFile; fileRef = 61703ADC1F8B064A00DDFE1C /* face_tx.png */; };
		61703B891F8B064B00DDFE1C /* face_wq.png in Resources */ = {isa = PBXBuildFile; fileRef = 61703ADD1F8B064A00DDFE1C /* face_wq.png */; };
		61703B8A1F8B064B00DDFE1C /* face_ws.png in Resources */ = {isa = PBXBuildFile; fileRef = 61703ADE1F8B064A00DDFE1C /* face_ws.png */; };
		61703B8B1F8B064B00DDFE1C /* face_wx.png in Resources */ = {isa = PBXBuildFile; fileRef = 61703ADF1F8B064A00DDFE1C /* face_wx.png */; };
		61703B8C1F8B064B00DDFE1C /* face_xg.png in Resources */ = {isa = PBXBuildFile; fileRef = 61703AE01F8B064A00DDFE1C /* face_xg.png */; };
		61703B8D1F8B064B00DDFE1C /* face_xh.png in Resources */ = {isa = PBXBuildFile; fileRef = 61703AE11F8B064A00DDFE1C /* face_xh.png */; };
		61703B8E1F8B064B00DDFE1C /* face_xia.png in Resources */ = {isa = PBXBuildFile; fileRef = 61703AE21F8B064A00DDFE1C /* face_xia.png */; };
		61703B8F1F8B064B00DDFE1C /* face_xs.png in Resources */ = {isa = PBXBuildFile; fileRef = 61703AE31F8B064A00DDFE1C /* face_xs.png */; };
		61703B901F8B064B00DDFE1C /* face_xu.png in Resources */ = {isa = PBXBuildFile; fileRef = 61703AE41F8B064A00DDFE1C /* face_xu.png */; };
		61703B911F8B064B00DDFE1C /* face_yaow.png in Resources */ = {isa = PBXBuildFile; fileRef = 61703AE51F8B064A00DDFE1C /* face_yaow.png */; };
		61703B921F8B064B00DDFE1C /* face_yb.png in Resources */ = {isa = PBXBuildFile; fileRef = 61703AE61F8B064A00DDFE1C /* face_yb.png */; };
		61703B931F8B064B00DDFE1C /* face_yhh.png in Resources */ = {isa = PBXBuildFile; fileRef = 61703AE71F8B064A00DDFE1C /* face_yhh.png */; };
		61703B941F8B064B00DDFE1C /* face_yun.png in Resources */ = {isa = PBXBuildFile; fileRef = 61703AE81F8B064A00DDFE1C /* face_yun.png */; };
		61703B951F8B064B00DDFE1C /* face_yw.png in Resources */ = {isa = PBXBuildFile; fileRef = 61703AE91F8B064A00DDFE1C /* face_yw.png */; };
		61703B961F8B064B00DDFE1C /* face_yx.png in Resources */ = {isa = PBXBuildFile; fileRef = 61703AEA1F8B064A00DDFE1C /* face_yx.png */; };
		61703B971F8B064B00DDFE1C /* face_zhk.png in Resources */ = {isa = PBXBuildFile; fileRef = 61703AEB1F8B064A00DDFE1C /* face_zhk.png */; };
		61703B981F8B064B00DDFE1C /* face_zhu.png in Resources */ = {isa = PBXBuildFile; fileRef = 61703AEC1F8B064A00DDFE1C /* face_zhu.png */; };
		61703B991F8B064B00DDFE1C /* face_zq.png in Resources */ = {isa = PBXBuildFile; fileRef = 61703AED1F8B064A00DDFE1C /* face_zq.png */; };
		61703B9A1F8B064B00DDFE1C /* Fav_Search_Voice.png in Resources */ = {isa = PBXBuildFile; fileRef = 61703AEE1F8B064A00DDFE1C /* Fav_Search_Voice.png */; };
		61703B9B1F8B064B00DDFE1C /* Keyboard_ios.png in Resources */ = {isa = PBXBuildFile; fileRef = 61703AEF1F8B064A00DDFE1C /* Keyboard_ios.png */; };
		61703B9C1F8B064B00DDFE1C /* Microphone_ico01.png in Resources */ = {isa = PBXBuildFile; fileRef = 61703AF01F8B064A00DDFE1C /* Microphone_ico01.png */; };
		61703B9D1F8B064B00DDFE1C /* Microphone_ico02.png in Resources */ = {isa = PBXBuildFile; fileRef = 61703AF11F8B064A00DDFE1C /* Microphone_ico02.png */; };
		61703B9E1F8B064B00DDFE1C /* Microphone_ico03.png in Resources */ = {isa = PBXBuildFile; fileRef = 61703AF21F8B064A00DDFE1C /* Microphone_ico03.png */; };
		61703B9F1F8B064B00DDFE1C /* Mode_listtotext.png in Resources */ = {isa = PBXBuildFile; fileRef = 61703AF31F8B064A00DDFE1C /* Mode_listtotext.png */; };
		61703BA01F8B064B00DDFE1C /* Mode_texttolist.png in Resources */ = {isa = PBXBuildFile; fileRef = 61703AF41F8B064A00DDFE1C /* Mode_texttolist.png */; };
		61703BA11F8B064B00DDFE1C /* speak_Layer_bj.png in Resources */ = {isa = PBXBuildFile; fileRef = 61703AF51F8B064A00DDFE1C /* speak_Layer_bj.png */; };
		61703BA21F8B064B00DDFE1C /* speak_Layer_bj1.png in Resources */ = {isa = PBXBuildFile; fileRef = 61703AF61F8B064A00DDFE1C /* speak_Layer_bj1.png */; };
		61703BA31F8B064B00DDFE1C /* speaking_Button.png in Resources */ = {isa = PBXBuildFile; fileRef = 61703AF71F8B064A00DDFE1C /* speaking_Button.png */; };
		61703BA41F8B064B00DDFE1C /* speaking_Button_click.png in Resources */ = {isa = PBXBuildFile; fileRef = 61703AF81F8B064A00DDFE1C /* speaking_Button_click.png */; };
		61703BA51F8B064B00DDFE1C /* type_select_btn_nor.png in Resources */ = {isa = PBXBuildFile; fileRef = 61703AF91F8B064A00DDFE1C /* type_select_btn_nor.png */; };
		61703BA61F8B064B00DDFE1C /* 语音输入.png in Resources */ = {isa = PBXBuildFile; fileRef = 61703AFA1F8B064A00DDFE1C /* 语音输入.png */; };
		61A7C8901F662B7600018DB6 /* TalkViewController.m in Sources */ = {isa = PBXBuildFile; fileRef = 61A7C88F1F662B7600018DB6 /* TalkViewController.m */; };
		61C60C361F565DBC00B6A921 /* main.m in Sources */ = {isa = PBXBuildFile; fileRef = 61C60C351F565DBC00B6A921 /* main.m */; };
		61C60C391F565DBC00B6A921 /* AppDelegate.m in Sources */ = {isa = PBXBuildFile; fileRef = 61C60C381F565DBC00B6A921 /* AppDelegate.m */; };
		61C60C3C1F565DBC00B6A921 /* ViewController.m in Sources */ = {isa = PBXBuildFile; fileRef = 61C60C3B1F565DBC00B6A921 /* ViewController.m */; };
		61C60C3F1F565DBC00B6A921 /* Main.storyboard in Resources */ = {isa = PBXBuildFile; fileRef = 61C60C3D1F565DBC00B6A921 /* Main.storyboard */; };
		61C60C411F565DBC00B6A921 /* Assets.xcassets in Resources */ = {isa = PBXBuildFile; fileRef = 61C60C401F565DBC00B6A921 /* Assets.xcassets */; };
		61C60C441F565DBC00B6A921 /* LaunchScreen.storyboard in Resources */ = {isa = PBXBuildFile; fileRef = 61C60C421F565DBC00B6A921 /* LaunchScreen.storyboard */; };
		61C60C4F1F565DBC00B6A921 /* GYChatTextFieldDemoTests.m in Sources */ = {isa = PBXBuildFile; fileRef = 61C60C4E1F565DBC00B6A921 /* GYChatTextFieldDemoTests.m */; };
		61C60C5A1F565DBC00B6A921 /* GYChatTextFieldDemoUITests.m in Sources */ = {isa = PBXBuildFile; fileRef = 61C60C591F565DBC00B6A921 /* GYChatTextFieldDemoUITests.m */; };
/* End PBXBuildFile section */

/* Begin PBXContainerItemProxy section */
		61C60C4B1F565DBC00B6A921 /* PBXContainerItemProxy */ = {
			isa = PBXContainerItemProxy;
			containerPortal = 61C60C291F565DBC00B6A921 /* Project object */;
			proxyType = 1;
			remoteGlobalIDString = 61C60C301F565DBC00B6A921;
			remoteInfo = GYChatTextFieldDemo;
		};
		61C60C561F565DBC00B6A921 /* PBXContainerItemProxy */ = {
			isa = PBXContainerItemProxy;
			containerPortal = 61C60C291F565DBC00B6A921 /* Project object */;
			proxyType = 1;
			remoteGlobalIDString = 61C60C301F565DBC00B6A921;
			remoteInfo = GYChatTextFieldDemo;
		};
/* End PBXContainerItemProxy section */

/* Begin PBXFileReference section */
		61703A3F1F8B064A00DDFE1C /* GYChatInputCustomView.h */ = {isa = PBXFileReference; fileEncoding = 4; lastKnownFileType = sourcecode.c.h; path = GYChatInputCustomView.h; sourceTree = "<group>"; };
		61703A401F8B064A00DDFE1C /* GYChatInputCustomView.m */ = {isa = PBXFileReference; fileEncoding = 4; lastKnownFileType = sourcecode.c.objc; path = GYChatInputCustomView.m; sourceTree = "<group>"; };
		61703A411F8B064A00DDFE1C /* GYChatInputCustomViewCount.h */ = {isa = PBXFileReference; fileEncoding = 4; lastKnownFileType = sourcecode.c.h; path = GYChatInputCustomViewCount.h; sourceTree = "<group>"; };
		61703A421F8B064A00DDFE1C /* GYChatInputStyle1View.h */ = {isa = PBXFileReference; fileEncoding = 4; lastKnownFileType = sourcecode.c.h; path = GYChatInputStyle1View.h; sourceTree = "<group>"; };
		61703A431F8B064A00DDFE1C /* GYChatInputStyle1View.m */ = {isa = PBXFileReference; fileEncoding = 4; lastKnownFileType = sourcecode.c.objc; path = GYChatInputStyle1View.m; sourceTree = "<group>"; };
		61703A441F8B064A00DDFE1C /* GYChatManager.h */ = {isa = PBXFileReference; fileEncoding = 4; lastKnownFileType = sourcecode.c.h; path = GYChatManager.h; sourceTree = "<group>"; };
		61703A451F8B064A00DDFE1C /* GYChatManager.m */ = {isa = PBXFileReference; fileEncoding = 4; lastKnownFileType = sourcecode.c.objc; path = GYChatManager.m; sourceTree = "<group>"; };
		61703A461F8B064A00DDFE1C /* GYChatManagerCount.h */ = {isa = PBXFileReference; fileEncoding = 4; lastKnownFileType = sourcecode.c.h; path = GYChatManagerCount.h; sourceTree = "<group>"; };
		61703A471F8B064A00DDFE1C /* GYChatView.h */ = {isa = PBXFileReference; fileEncoding = 4; lastKnownFileType = sourcecode.c.h; path = GYChatView.h; sourceTree = "<group>"; };
		61703A481F8B064A00DDFE1C /* GYChatView.m */ = {isa = PBXFileReference; fileEncoding = 4; lastKnownFileType = sourcecode.c.objc; path = GYChatView.m; sourceTree = "<group>"; };
		61703A491F8B064A00DDFE1C /* GYChatViewCount.h */ = {isa = PBXFileReference; fileEncoding = 4; lastKnownFileType = sourcecode.c.h; path = GYChatViewCount.h; sourceTree = "<group>"; };
		61703A4A1F8B064A00DDFE1C /* GYMotionView.h */ = {isa = PBXFileReference; fileEncoding = 4; lastKnownFileType = sourcecode.c.h; path = GYMotionView.h; sourceTree = "<group>"; };
		61703A4B1F8B064A00DDFE1C /* GYMotionView.m */ = {isa = PBXFileReference; fileEncoding = 4; lastKnownFileType = sourcecode.c.objc; path = GYMotionView.m; sourceTree = "<group>"; };
		61703A4C1F8B064A00DDFE1C /* GYMotionViewCount.h */ = {isa = PBXFileReference; fileEncoding = 4; lastKnownFileType = sourcecode.c.h; path = GYMotionViewCount.h; sourceTree = "<group>"; };
		61703A4D1F8B064A00DDFE1C /* GYPicView.h */ = {isa = PBXFileReference; fileEncoding = 4; lastKnownFileType = sourcecode.c.h; path = GYPicView.h; sourceTree = "<group>"; };
		61703A4E1F8B064A00DDFE1C /* GYPicView.m */ = {isa = PBXFileReference; fileEncoding = 4; lastKnownFileType = sourcecode.c.objc; path = GYPicView.m; sourceTree = "<group>"; };
		61703A4F1F8B064A00DDFE1C /* GYPicViewCount.h */ = {isa = PBXFileReference; fileEncoding = 4; lastKnownFileType = sourcecode.c.h; path = GYPicViewCount.h; sourceTree = "<group>"; };
		61703A501F8B064A00DDFE1C /* GYScreen.h */ = {isa = PBXFileReference; fileEncoding = 4; lastKnownFileType = sourcecode.c.h; path = GYScreen.h; sourceTree = "<group>"; };
		61703A511F8B064A00DDFE1C /* GYVoiceInputPromptView.h */ = {isa = PBXFileReference; fileEncoding = 4; lastKnownFileType = sourcecode.c.h; path = GYVoiceInputPromptView.h; sourceTree = "<group>"; };
		61703A521F8B064A00DDFE1C /* GYVoiceInputPromptView.m */ = {isa = PBXFileReference; fileEncoding = 4; lastKnownFileType = sourcecode.c.objc; path = GYVoiceInputPromptView.m; sourceTree = "<group>"; };
		61703A531F8B064A00DDFE1C /* GYVoiceInputPromptViewCount.h */ = {isa = PBXFileReference; fileEncoding = 4; lastKnownFileType = sourcecode.c.h; path = GYVoiceInputPromptViewCount.h; sourceTree = "<group>"; };
		61703A551F8B064A00DDFE1C /* Album_ToolViewEmotion.png */ = {isa = PBXFileReference; lastKnownFileType = image.png; path = Album_ToolViewEmotion.png; sourceTree = "<group>"; };
		61703A561F8B064A00DDFE1C /* cancel_audio.png */ = {isa = PBXFileReference; lastKnownFileType = image.png; path = cancel_audio.png; sourceTree = "<group>"; };
		61703A571F8B064A00DDFE1C /* chat_camera_icon.png */ = {isa = PBXFileReference; lastKnownFileType = image.png; path = chat_camera_icon.png; sourceTree = "<group>"; };
		61703A581F8B064A00DDFE1C /* chat_camera_icon_hl.png */ = {isa = PBXFileReference; lastKnownFileType = image.png; path = chat_camera_icon_hl.png; sourceTree = "<group>"; };
		61703A591F8B064A00DDFE1C /* chat_file_icon.png */ = {isa = PBXFileReference; lastKnownFileType = image.png; path = chat_file_icon.png; sourceTree = "<group>"; };
		61703A5A1F8B064A00DDFE1C /* chat_file_icon_hl.png */ = {isa = PBXFileReference; lastKnownFileType = image.png; path = chat_file_icon_hl.png; sourceTree = "<group>"; };
		61703A5B1F8B064A00DDFE1C /* chat_picture_icon.png */ = {isa = PBXFileReference; lastKnownFileType = image.png; path = chat_picture_icon.png; sourceTree = "<group>"; };
		61703A5C1F8B064A00DDFE1C /* chat_picture_icon_hl.png */ = {isa = PBXFileReference; lastKnownFileType = image.png; path = chat_picture_icon_hl.png; sourceTree = "<group>"; };
		61703A5D1F8B064A00DDFE1C /* chat_receipt_icon.png */ = {isa = PBXFileReference; lastKnownFileType = image.png; path = chat_receipt_icon.png; sourceTree = "<group>"; };
		61703A5E1F8B064A00DDFE1C /* chat_receipt_icon_hl.png */ = {isa = PBXFileReference; lastKnownFileType = image.png; path = chat_receipt_icon_hl.png; sourceTree = "<group>"; };
		61703A5F1F8B064A00DDFE1C /* chat_video_icon.png */ = {isa = PBXFileReference; lastKnownFileType = image.png; path = chat_video_icon.png; sourceTree = "<group>"; };
		61703A601F8B064A00DDFE1C /* chat_video_icon_hl.png */ = {isa = PBXFileReference; lastKnownFileType = image.png; path = chat_video_icon_hl.png; sourceTree = "<group>"; };
		61703A621F8B064A00DDFE1C /* face_am.png */ = {isa = PBXFileReference; lastKnownFileType = image.png; path = face_am.png; sourceTree = "<group>"; };
		61703A631F8B064A00DDFE1C /* face_ax.png */ = {isa = PBXFileReference; lastKnownFileType = image.png; path = face_ax.png; sourceTree = "<group>"; };
		61703A641F8B064A00DDFE1C /* face_baib.png */ = {isa = PBXFileReference; lastKnownFileType = image.png; path = face_baib.png; sourceTree = "<group>"; };
		61703A651F8B064A00DDFE1C /* face_bq.png */ = {isa = PBXFileReference; lastKnownFileType = image.png; path = face_bq.png; sourceTree = "<group>"; };
		61703A661F8B064A00DDFE1C /* face_bs.png */ = {isa = PBXFileReference; lastKnownFileType = image.png; path = face_bs.png; sourceTree = "<group>"; };
		61703A671F8B064A00DDFE1C /* face_bx.png */ = {isa = PBXFileReference; lastKnownFileType = image.png; path = face_bx.png; sourceTree = "<group>"; };
		61703A681F8B064A00DDFE1C /* face_by.png */ = {isa = PBXFileReference; lastKnownFileType = image.png; path = face_by.png; sourceTree = "<group>"; };
		61703A691F8B064A00DDFE1C /* face_bz.png */ = {isa = PBXFileReference; lastKnownFileType = image.png; path = face_bz.png; sourceTree = "<group>"; };
		61703A6A1F8B064A00DDFE1C /* face_cj.png */ = {isa = PBXFileReference; lastKnownFileType = image.png; path = face_cj.png; sourceTree = "<group>"; };
		61703A6B1F8B064A00DDFE1C /* face_coffee.png */ = {isa = PBXFileReference; lastKnownFileType = image.png; path = face_coffee.png; sourceTree = "<group>"; };
		61703A6C1F8B064A00DDFE1C /* face_coffee1.png */ = {isa = PBXFileReference; lastKnownFileType = image.png; path = face_coffee1.png; sourceTree = "<group>"; };
		61703A6D1F8B064A00DDFE1C /* face_dao.png */ = {isa = PBXFileReference; lastKnownFileType = image.png; path = face_dao.png; sourceTree = "<group>"; };
		61703A6E1F8B064A00DDFE1C /* face_dh.png */ = {isa = PBXFileReference; lastKnownFileType = image.png; path = face_dh.png; sourceTree = "<group>"; };
		61703A6F1F8B064A00DDFE1C /* face_dk.png */ = {isa = PBXFileReference; lastKnownFileType = image.png; path = face_dk.png; sourceTree = "<group>"; };
		61703A701F8B064A00DDFE1C /* face_dsj.png */ = {isa = PBXFileReference; lastKnownFileType = image.png; path = face_dsj.png; sourceTree = "<group>"; };
		61703A711F8B064A00DDFE1C /* face_dx.png */ = {isa = PBXFileReference; lastKnownFileType = image.png; path = face_dx.png; sourceTree = "<group>"; };
		61703A721F8B064A00DDFE1C /* face_email.png */ = {isa = PBXFileReference; lastKnownFileType = image.png; path = face_email.png; sourceTree = "<group>"; };
		61703A731F8B064A00DDFE1C /* face_ex.png */ = {isa = PBXFileReference; lastKnownFileType = image.png; path = face_ex.png; sourceTree = "<group>"; };
		61703A741F8B064A00DDFE1C /* face_fd.png */ = {isa = PBXFileReference; lastKnownFileType = image.png; path = face_fd.png; sourceTree = "<group>"; };
		61703A751F8B064A00DDFE1C /* face_fdou.png */ = {isa = PBXFileReference; lastKnownFileType = image.png; path = face_fdou.png; sourceTree = "<group>"; };
		61703A761F8B064A00DDFE1C /* face_fjding.png */ = {isa = PBXFileReference; lastKnownFileType = image.png; path = face_fjding.png; sourceTree = "<group>"; };
		61703A771F8B064A00DDFE1C /* face_fjdy.png */ = {isa = PBXFileReference; lastKnownFileType = image.png; path = face_fjdy.png; sourceTree = "<group>"; };
		61703A781F8B064A00DDFE1C /* face_fjfw.png */ = {isa = PBXFileReference; lastKnownFileType = image.png; path = face_fjfw.png; sourceTree = "<group>"; };
		61703A791F8B064A00DDFE1C /* face_fjhang.png */ = {isa = PBXFileReference; lastKnownFileType = image.png; path = face_fjhang.png; sourceTree = "<group>"; };
		61703A7A1F8B064A00DDFE1C /* face_fjku.png */ = {isa = PBXFileReference; lastKnownFileType = image.png; path = face_fjku.png; sourceTree = "<group>"; };
		61703A7B1F8B064A00DDFE1C /* face_fjrz.png */ = {isa = PBXFileReference; lastKnownFileType = image.png; path = face_fjrz.png; sourceTree = "<group>"; };
		61703A7C1F8B064A00DDFE1C /* face_fjwq.png */ = {isa = PBXFileReference; lastKnownFileType = image.png; path = face_fjwq.png; sourceTree = "<group>"; };
		61703A7D1F8B064A00DDFE1C /* face_fjwx.png */ = {isa = PBXFileReference; lastKnownFileType = image.png; path = face_fjwx.png; sourceTree = "<group>"; };
		61703A7E1F8B064A00DDFE1C /* face_fjyun.png */ = {isa = PBXFileReference; lastKnownFileType = image.png; path = face_fjyun.png; sourceTree = "<group>"; };
		61703A7F1F8B064A00DDFE1C /* face_gg.png */ = {isa = PBXFileReference; lastKnownFileType = image.png; path = face_gg.png; sourceTree = "<group>"; };
		61703A801F8B064A00DDFE1C /* face_girl.png */ = {isa = PBXFileReference; lastKnownFileType = image.png; path = face_girl.png; sourceTree = "<group>"; };
		61703A811F8B064A00DDFE1C /* face_gz1.png */ = {isa = PBXFileReference; lastKnownFileType = image.png; path = face_gz1.png; sourceTree = "<group>"; };
		61703A821F8B064A00DDFE1C /* face_gz2.png */ = {isa = PBXFileReference; lastKnownFileType = image.png; path = face_gz2.png; sourceTree = "<group>"; };
		61703A831F8B064A00DDFE1C /* face_han.png */ = {isa = PBXFileReference; lastKnownFileType = image.png; path = face_han.png; sourceTree = "<group>"; };
		61703A841F8B064A00DDFE1C /* face_heng.png */ = {isa = PBXFileReference; lastKnownFileType = image.png; path = face_heng.png; sourceTree = "<group>"; };
		61703A851F8B064A00DDFE1C /* face_huiy.png */ = {isa = PBXFileReference; lastKnownFileType = image.png; path = face_huiy.png; sourceTree = "<group>"; };
		61703A861F8B064A00DDFE1C /* face_hx.png */ = {isa = PBXFileReference; lastKnownFileType = image.png; path = face_hx.png; sourceTree = "<group>"; };
		61703A871F8B064A00DDFE1C /* face_hxiao.png */ = {isa = PBXFileReference; lastKnownFileType = image.png; path = face_hxiao.png; sourceTree = "<group>"; };
		61703A881F8B064A00DDFE1C /* face_hxiu.png */ = {isa = PBXFileReference; lastKnownFileType = image.png; path = face_hxiu.png; sourceTree = "<group>"; };
		61703A891F8B064A00DDFE1C /* face_hy.png */ = {isa = PBXFileReference; lastKnownFileType = image.png; path = face_hy.png; sourceTree = "<group>"; };
		61703A8A1F8B064A00DDFE1C /* face_hz.png */ = {isa = PBXFileReference; lastKnownFileType = image.png; path = face_hz.png; sourceTree = "<group>"; };
		61703A8B1F8B064A00DDFE1C /* face_je.png */ = {isa = PBXFileReference; lastKnownFileType = image.png; path = face_je.png; sourceTree = "<group>"; };
		61703A8C1F8B064A00DDFE1C /* face_jiub.png */ = {isa = PBXFileReference; lastKnownFileType = image.png; path = face_jiub.png; sourceTree = "<group>"; };
		61703A8D1F8B064A00DDFE1C /* face_jk.png */ = {isa = PBXFileReference; lastKnownFileType = image.png; path = face_jk.png; sourceTree = "<group>"; };
		61703A8E1F8B064A00DDFE1C /* face_jl.png */ = {isa = PBXFileReference; lastKnownFileType = image.png; path = face_jl.png; sourceTree = "<group>"; };
		61703A8F1F8B064A00DDFE1C /* face_jy.png */ = {isa = PBXFileReference; lastKnownFileType = image.png; path = face_jy.png; sourceTree = "<group>"; };
		61703A901F8B064A00DDFE1C /* face_ka.png */ = {isa = PBXFileReference; lastKnownFileType = image.png; path = face_ka.png; sourceTree = "<group>"; };
		61703A911F8B064A00DDFE1C /* face_kl.png */ = {isa = PBXFileReference; lastKnownFileType = image.png; path = face_kl.png; sourceTree = "<group>"; };
		61703A921F8B064A00DDFE1C /* face_ku.png */ = {isa = PBXFileReference; lastKnownFileType = image.png; path = face_ku.png; sourceTree = "<group>"; };
		61703A931F8B064A00DDFE1C /* face_kun.png */ = {isa = PBXFileReference; lastKnownFileType = image.png; path = face_kun.png; sourceTree = "<group>"; };
		61703A941F8B064A00DDFE1C /* face_lh.png */ = {isa = PBXFileReference; lastKnownFileType = image.png; path = face_lh.png; sourceTree = "<group>"; };
		61703A951F8B064A00DDFE1C /* face_lh2.png */ = {isa = PBXFileReference; lastKnownFileType = image.png; path = face_lh2.png; sourceTree = "<group>"; };
		61703A961F8B064A00DDFE1C /* face_lhan.png */ = {isa = PBXFileReference; lastKnownFileType = image.png; path = face_lhan.png; sourceTree = "<group>"; };
		61703A971F8B064A00DDFE1C /* face_llei.png */ = {isa = PBXFileReference; lastKnownFileType = image.png; path = face_llei.png; sourceTree = "<group>"; };
		61703A981F8B064A00DDFE1C /* face_lw.png */ = {isa = PBXFileReference; lastKnownFileType = image.png; path = face_lw.png; sourceTree = "<group>"; };
		61703A991F8B064A00DDFE1C /* face_money.png */ = {isa = PBXFileReference; lastKnownFileType = image.png; path = face_money.png; sourceTree = "<group>"; };
		61703A9A1F8B064A00DDFE1C /* face_money2.png */ = {isa = PBXFileReference; lastKnownFileType = image.png; path = face_money2.png; sourceTree = "<group>"; };
		61703A9B1F8B064A00DDFE1C /* face_music.png */ = {isa = PBXFileReference; lastKnownFileType = image.png; path = face_music.png; sourceTree = "<group>"; };
		61703A9C1F8B064A00DDFE1C /* face_ncc.png */ = {isa = PBXFileReference; lastKnownFileType = image.png; path = face_ncc.png; sourceTree = "<group>"; };
		61703A9D1F8B064A00DDFE1C /* face_ncs.png */ = {isa = PBXFileReference; lastKnownFileType = image.png; path = face_ncs.png; sourceTree = "<group>"; };
		61703A9E1F8B064A00DDFE1C /* face_ndbq.png */ = {isa = PBXFileReference; lastKnownFileType = image.png; path = face_ndbq.png; sourceTree = "<group>"; };
		61703A9F1F8B064A00DDFE1C /* face_ndd.png */ = {isa = PBXFileReference; lastKnownFileType = image.png; path = face_ndd.png; sourceTree = "<group>"; };
		61703AA01F8B064A00DDFE1C /* face_ndk.png */ = {isa = PBXFileReference; lastKnownFileType = image.png; path = face_ndk.png; sourceTree = "<group>"; };
		61703AA11F8B064A00DDFE1C /* face_ndl.png */ = {isa = PBXFileReference; lastKnownFileType = image.png; path = face_ndl.png; sourceTree = "<group>"; };
		61703AA21F8B064A00DDFE1C /* face_ndnfz.png */ = {isa = PBXFileReference; lastKnownFileType = image.png; path = face_ndnfz.png; sourceTree = "<group>"; };
		61703AA31F8B064A00DDFE1C /* face_nds.png */ = {isa = PBXFileReference; lastKnownFileType = image.png; path = face_nds.png; sourceTree = "<group>"; };
		61703AA41F8B064A00DDFE1C /* face_ndshu.png */ = {isa = PBXFileReference; lastKnownFileType = image.png; path = face_ndshu.png; sourceTree = "<group>"; };
		61703AA51F8B064A00DDFE1C /* face_ndy.png */ = {isa = PBXFileReference; lastKnownFileType = image.png; path = face_ndy.png; sourceTree = "<group>"; };
		61703AA61F8B064A00DDFE1C /* face_nfd.png */ = {isa = PBXFileReference; lastKnownFileType = image.png; path = face_nfd.png; sourceTree = "<group>"; };
		61703AA71F8B064A00DDFE1C /* face_nfdn.png */ = {isa = PBXFileReference; lastKnownFileType = image.png; path = face_nfdn.png; sourceTree = "<group>"; };
		61703AA81F8B064A00DDFE1C /* face_nfn.png */ = {isa = PBXFileReference; lastKnownFileType = image.png; path = face_nfn.png; sourceTree = "<group>"; };
		61703AA91F8B064A00DDFE1C /* face_ng.png */ = {isa = PBXFileReference; lastKnownFileType = image.png; path = face_ng.png; sourceTree = "<group>"; };
		61703AAA1F8B064A00DDFE1C /* face_ngirl.png */ = {isa = PBXFileReference; lastKnownFileType = image.png; path = face_ngirl.png; sourceTree = "<group>"; };
		61703AAB1F8B064A00DDFE1C /* face_ngl.png */ = {isa = PBXFileReference; lastKnownFileType = image.png; path = face_ngl.png; sourceTree = "<group>"; };
		61703AAC1F8B064A00DDFE1C /* face_nheng.png */ = {isa = PBXFileReference; lastKnownFileType = image.png; path = face_nheng.png; sourceTree = "<group>"; };
		61703AAD1F8B064A00DDFE1C /* face_nhx.png */ = {isa = PBXFileReference; lastKnownFileType = image.png; path = face_nhx.png; sourceTree = "<group>"; };
		61703AAE1F8B064A00DDFE1C /* face_nhxiu.png */ = {isa = PBXFileReference; lastKnownFileType = image.png; path = face_nhxiu.png; sourceTree = "<group>"; };
		61703AAF1F8B064A00DDFE1C /* face_njiong.png */ = {isa = PBXFileReference; lastKnownFileType = image.png; path = face_njiong.png; sourceTree = "<group>"; };
		61703AB01F8B064A00DDFE1C /* face_njr.png */ = {isa = PBXFileReference; lastKnownFileType = image.png; path = face_njr.png; sourceTree = "<group>"; };
		61703AB11F8B064A00DDFE1C /* face_njy.png */ = {isa = PBXFileReference; lastKnownFileType = image.png; path = face_njy.png; sourceTree = "<group>"; };
		61703AB21F8B064A00DDFE1C /* face_nkj.png */ = {isa = PBXFileReference; lastKnownFileType = image.png; path = face_nkj.png; sourceTree = "<group>"; };
		61703AB31F8B064A00DDFE1C /* face_nku.png */ = {isa = PBXFileReference; lastKnownFileType = image.png; path = face_nku.png; sourceTree = "<group>"; };
		61703AB41F8B064A00DDFE1C /* face_nkun.png */ = {isa = PBXFileReference; lastKnownFileType = image.png; path = face_nkun.png; sourceTree = "<group>"; };
		61703AB51F8B064A00DDFE1C /* face_nlei.png */ = {isa = PBXFileReference; lastKnownFileType = image.png; path = face_nlei.png; sourceTree = "<group>"; };
		61703AB61F8B064A00DDFE1C /* face_nlhai.png */ = {isa = PBXFileReference; lastKnownFileType = image.png; path = face_nlhai.png; sourceTree = "<group>"; };
		61703AB71F8B064A00DDFE1C /* face_nmg.png */ = {isa = PBXFileReference; lastKnownFileType = image.png; path = face_nmg.png; sourceTree = "<group>"; };
		61703AB81F8B064A00DDFE1C /* face_nnb.png */ = {isa = PBXFileReference; lastKnownFileType = image.png; path = face_nnb.png; sourceTree = "<group>"; };
		61703AB91F8B064A00DDFE1C /* face_nnguo.png */ = {isa = PBXFileReference; lastKnownFileType = image.png; path = face_nnguo.png; sourceTree = "<group>"; };
		61703ABA1F8B064A00DDFE1C /* face_nnlmm.png */ = {isa = PBXFileReference; lastKnownFileType = image.png; path = face_nnlmm.png; sourceTree = "<group>"; };
		61703ABB1F8B064A00DDFE1C /* face_nno.png */ = {isa = PBXFileReference; lastKnownFileType = image.png; path = face_nno.png; sourceTree = "<group>"; };
		61703ABC1F8B064A00DDFE1C /* face_nok.png */ = {isa = PBXFileReference; lastKnownFileType = image.png; path = face_nok.png; sourceTree = "<group>"; };
		61703ABD1F8B064A00DDFE1C /* face_nsh.png */ = {isa = PBXFileReference; lastKnownFileType = image.png; path = face_nsh.png; sourceTree = "<group>"; };
		61703ABE1F8B064A00DDFE1C /* face_nsx.png */ = {isa = PBXFileReference; lastKnownFileType = image.png; path = face_nsx.png; sourceTree = "<group>"; };
		61703ABF1F8B064A00DDFE1C /* face_ntc.png */ = {isa = PBXFileReference; lastKnownFileType = image.png; path = face_ntc.png; sourceTree = "<group>"; };
		61703AC01F8B064A00DDFE1C /* face_ntq.png */ = {isa = PBXFileReference; lastKnownFileType = image.png; path = face_ntq.png; sourceTree = "<group>"; };
		61703AC11F8B064A00DDFE1C /* face_ntqiu.png */ = {isa = PBXFileReference; lastKnownFileType = image.png; path = face_ntqiu.png; sourceTree = "<group>"; };
		61703AC21F8B064A00DDFE1C /* face_ntx.png */ = {isa = PBXFileReference; lastKnownFileType = image.png; path = face_ntx.png; sourceTree = "<group>"; };
		61703AC31F8B064A00DDFE1C /* face_nu.png */ = {isa = PBXFileReference; lastKnownFileType = image.png; path = face_nu.png; sourceTree = "<group>"; };
		61703AC41F8B064A00DDFE1C /* face_nwq.png */ = {isa = PBXFileReference; lastKnownFileType = image.png; path = face_nwq.png; sourceTree = "<group>"; };
		61703AC51F8B064A00DDFE1C /* face_nxhnf.png */ = {isa = PBXFileReference; lastKnownFileType = image.png; path = face_nxhnf.png; sourceTree = "<group>"; };
		61703AC61F8B064A00DDFE1C /* face_nxw.png */ = {isa = PBXFileReference; lastKnownFileType = image.png; path = face_nxw.png; sourceTree = "<group>"; };
		61703AC71F8B064A00DDFE1C /* face_nxx.png */ = {isa = PBXFileReference; lastKnownFileType = image.png; path = face_nxx.png; sourceTree = "<group>"; };
		61703AC81F8B064A00DDFE1C /* face_nyb.png */ = {isa = PBXFileReference; lastKnownFileType = image.png; path = face_nyb.png; sourceTree = "<group>"; };
		61703AC91F8B064A00DDFE1C /* face_nyw.png */ = {isa = PBXFileReference; lastKnownFileType = image.png; path = face_nyw.png; sourceTree = "<group>"; };
		61703ACA1F8B064A00DDFE1C /* face_nzan.png */ = {isa = PBXFileReference; lastKnownFileType = image.png; path = face_nzan.png; sourceTree = "<group>"; };
		61703ACB1F8B064A00DDFE1C /* face_nzd.png */ = {isa = PBXFileReference; lastKnownFileType = image.png; path = face_nzd.png; sourceTree = "<group>"; };
		61703ACC1F8B064A00DDFE1C /* face_nzk.png */ = {isa = PBXFileReference; lastKnownFileType = image.png; path = face_nzk.png; sourceTree = "<group>"; };
		61703ACD1F8B064A00DDFE1C /* face_nzxr.png */ = {isa = PBXFileReference; lastKnownFileType = image.png; path = face_nzxr.png; sourceTree = "<group>"; };
		61703ACE1F8B064A00DDFE1C /* face_ok.png */ = {isa = PBXFileReference; lastKnownFileType = image.png; path = face_ok.png; sourceTree = "<group>"; };
		61703ACF1F8B064A00DDFE1C /* face_pj.png */ = {isa = PBXFileReference; lastKnownFileType = image.png; path = face_pj.png; sourceTree = "<group>"; };
		61703AD01F8B064A00DDFE1C /* face_ppq.png */ = {isa = PBXFileReference; lastKnownFileType = image.png; path = face_ppq.png; sourceTree = "<group>"; };
		61703AD11F8B064A00DDFE1C /* face_qd.png */ = {isa = PBXFileReference; lastKnownFileType = image.png; path = face_qd.png; sourceTree = "<group>"; };
		61703AD21F8B064A00DDFE1C /* face_qq.png */ = {isa = PBXFileReference; lastKnownFileType = image.png; path = face_qq.png; sourceTree = "<group>"; };
		61703AD31F8B064A00DDFE1C /* face_sc.png */ = {isa = PBXFileReference; lastKnownFileType = image.png; path = face_sc.png; sourceTree = "<group>"; };
		61703AD41F8B064A00DDFE1C /* face_se.png */ = {isa = PBXFileReference; lastKnownFileType = image.png; path = face_se.png; sourceTree = "<group>"; };
		61703AD51F8B064A00DDFE1C /* face_shh.png */ = {isa = PBXFileReference; lastKnownFileType = image.png; path = face_shh.png; sourceTree = "<group>"; };
		61703AD61F8B064A00DDFE1C /* face_shuai.png */ = {isa = PBXFileReference; lastKnownFileType = image.png; path = face_shuai.png; sourceTree = "<group>"; };
		61703AD71F8B064A00DDFE1C /* face_sj.png */ = {isa = PBXFileReference; lastKnownFileType = image.png; path = face_sj.png; sourceTree = "<group>"; };
		61703AD81F8B064A00DDFE1C /* face_sl.png */ = {isa = PBXFileReference; lastKnownFileType = image.png; path = face_sl.png; sourceTree = "<group>"; };
		61703AD91F8B064A00DDFE1C /* face_tc.png */ = {isa = PBXFileReference; lastKnownFileType = image.png; path = face_tc.png; sourceTree = "<group>"; };
		61703ADA1F8B064A00DDFE1C /* face_tp.png */ = {isa = PBXFileReference; lastKnownFileType = image.png; path = face_tp.png; sourceTree = "<group>"; };
		61703ADB1F8B064A00DDFE1C /* face_tu.png */ = {isa = PBXFileReference; lastKnownFileType = image.png; path = face_tu.png; sourceTree = "<group>"; };
		61703ADC1F8B064A00DDFE1C /* face_tx.png */ = {isa = PBXFileReference; lastKnownFileType = image.png; path = face_tx.png; sourceTree = "<group>"; };
		61703ADD1F8B064A00DDFE1C /* face_wq.png */ = {isa = PBXFileReference; lastKnownFileType = image.png; path = face_wq.png; sourceTree = "<group>"; };
		61703ADE1F8B064A00DDFE1C /* face_ws.png */ = {isa = PBXFileReference; lastKnownFileType = image.png; path = face_ws.png; sourceTree = "<group>"; };
		61703ADF1F8B064A00DDFE1C /* face_wx.png */ = {isa = PBXFileReference; lastKnownFileType = image.png; path = face_wx.png; sourceTree = "<group>"; };
		61703AE01F8B064A00DDFE1C /* face_xg.png */ = {isa = PBXFileReference; lastKnownFileType = image.png; path = face_xg.png; sourceTree = "<group>"; };
		61703AE11F8B064A00DDFE1C /* face_xh.png */ = {isa = PBXFileReference; lastKnownFileType = image.png; path = face_xh.png; sourceTree = "<group>"; };
		61703AE21F8B064A00DDFE1C /* face_xia.png */ = {isa = PBXFileReference; lastKnownFileType = image.png; path = face_xia.png; sourceTree = "<group>"; };
		61703AE31F8B064A00DDFE1C /* face_xs.png */ = {isa = PBXFileReference; lastKnownFileType = image.png; path = face_xs.png; sourceTree = "<group>"; };
		61703AE41F8B064A00DDFE1C /* face_xu.png */ = {isa = PBXFileReference; lastKnownFileType = image.png; path = face_xu.png; sourceTree = "<group>"; };
		61703AE51F8B064A00DDFE1C /* face_yaow.png */ = {isa = PBXFileReference; lastKnownFileType = image.png; path = face_yaow.png; sourceTree = "<group>"; };
		61703AE61F8B064A00DDFE1C /* face_yb.png */ = {isa = PBXFileReference; lastKnownFileType = image.png; path = face_yb.png; sourceTree = "<group>"; };
		61703AE71F8B064A00DDFE1C /* face_yhh.png */ = {isa = PBXFileReference; lastKnownFileType = image.png; path = face_yhh.png; sourceTree = "<group>"; };
		61703AE81F8B064A00DDFE1C /* face_yun.png */ = {isa = PBXFileReference; lastKnownFileType = image.png; path = face_yun.png; sourceTree = "<group>"; };
		61703AE91F8B064A00DDFE1C /* face_yw.png */ = {isa = PBXFileReference; lastKnownFileType = image.png; path = face_yw.png; sourceTree = "<group>"; };
		61703AEA1F8B064A00DDFE1C /* face_yx.png */ = {isa = PBXFileReference; lastKnownFileType = image.png; path = face_yx.png; sourceTree = "<group>"; };
		61703AEB1F8B064A00DDFE1C /* face_zhk.png */ = {isa = PBXFileReference; lastKnownFileType = image.png; path = face_zhk.png; sourceTree = "<group>"; };
		61703AEC1F8B064A00DDFE1C /* face_zhu.png */ = {isa = PBXFileReference; lastKnownFileType = image.png; path = face_zhu.png; sourceTree = "<group>"; };
		61703AED1F8B064A00DDFE1C /* face_zq.png */ = {isa = PBXFileReference; lastKnownFileType = image.png; path = face_zq.png; sourceTree = "<group>"; };
		61703AEE1F8B064A00DDFE1C /* Fav_Search_Voice.png */ = {isa = PBXFileReference; lastKnownFileType = image.png; path = Fav_Search_Voice.png; sourceTree = "<group>"; };
		61703AEF1F8B064A00DDFE1C /* Keyboard_ios.png */ = {isa = PBXFileReference; lastKnownFileType = image.png; path = Keyboard_ios.png; sourceTree = "<group>"; };
		61703AF01F8B064A00DDFE1C /* Microphone_ico01.png */ = {isa = PBXFileReference; lastKnownFileType = image.png; path = Microphone_ico01.png; sourceTree = "<group>"; };
		61703AF11F8B064A00DDFE1C /* Microphone_ico02.png */ = {isa = PBXFileReference; lastKnownFileType = image.png; path = Microphone_ico02.png; sourceTree = "<group>"; };
		61703AF21F8B064A00DDFE1C /* Microphone_ico03.png */ = {isa = PBXFileReference; lastKnownFileType = image.png; path = Microphone_ico03.png; sourceTree = "<group>"; };
		61703AF31F8B064A00DDFE1C /* Mode_listtotext.png */ = {isa = PBXFileReference; lastKnownFileType = image.png; path = Mode_listtotext.png; sourceTree = "<group>"; };
		61703AF41F8B064A00DDFE1C /* Mode_texttolist.png */ = {isa = PBXFileReference; lastKnownFileType = image.png; path = Mode_texttolist.png; sourceTree = "<group>"; };
		61703AF51F8B064A00DDFE1C /* speak_Layer_bj.png */ = {isa = PBXFileReference; lastKnownFileType = image.png; path = speak_Layer_bj.png; sourceTree = "<group>"; };
		61703AF61F8B064A00DDFE1C /* speak_Layer_bj1.png */ = {isa = PBXFileReference; lastKnownFileType = image.png; path = speak_Layer_bj1.png; sourceTree = "<group>"; };
		61703AF71F8B064A00DDFE1C /* speaking_Button.png */ = {isa = PBXFileReference; lastKnownFileType = image.png; path = speaking_Button.png; sourceTree = "<group>"; };
		61703AF81F8B064A00DDFE1C /* speaking_Button_click.png */ = {isa = PBXFileReference; lastKnownFileType = image.png; path = speaking_Button_click.png; sourceTree = "<group>"; };
		61703AF91F8B064A00DDFE1C /* type_select_btn_nor.png */ = {isa = PBXFileReference; lastKnownFileType = image.png; path = type_select_btn_nor.png; sourceTree = "<group>"; };
		61703AFA1F8B064A00DDFE1C /* 语音输入.png */ = {isa = PBXFileReference; lastKnownFileType = image.png; path = "语音输入.png"; sourceTree = "<group>"; };
		61A7C88E1F662B7600018DB6 /* TalkViewController.h */ = {isa = PBXFileReference; fileEncoding = 4; lastKnownFileType = sourcecode.c.h; path = TalkViewController.h; sourceTree = "<group>"; };
		61A7C88F1F662B7600018DB6 /* TalkViewController.m */ = {isa = PBXFileReference; fileEncoding = 4; lastKnownFileType = sourcecode.c.objc; path = TalkViewController.m; sourceTree = "<group>"; };
		61C60C311F565DBC00B6A921 /* GYChatTextFieldDemo.app */ = {isa = PBXFileReference; explicitFileType = wrapper.application; includeInIndex = 0; path = GYChatTextFieldDemo.app; sourceTree = BUILT_PRODUCTS_DIR; };
		61C60C351F565DBC00B6A921 /* main.m */ = {isa = PBXFileReference; lastKnownFileType = sourcecode.c.objc; path = main.m; sourceTree = "<group>"; };
		61C60C371F565DBC00B6A921 /* AppDelegate.h */ = {isa = PBXFileReference; lastKnownFileType = sourcecode.c.h; path = AppDelegate.h; sourceTree = "<group>"; };
		61C60C381F565DBC00B6A921 /* AppDelegate.m */ = {isa = PBXFileReference; lastKnownFileType = sourcecode.c.objc; path = AppDelegate.m; sourceTree = "<group>"; };
		61C60C3A1F565DBC00B6A921 /* ViewController.h */ = {isa = PBXFileReference; lastKnownFileType = sourcecode.c.h; path = ViewController.h; sourceTree = "<group>"; };
		61C60C3B1F565DBC00B6A921 /* ViewController.m */ = {isa = PBXFileReference; lastKnownFileType = sourcecode.c.objc; path = ViewController.m; sourceTree = "<group>"; };
		61C60C3E1F565DBC00B6A921 /* Base */ = {isa = PBXFileReference; lastKnownFileType = file.storyboard; name = Base; path = Base.lproj/Main.storyboard; sourceTree = "<group>"; };
		61C60C401F565DBC00B6A921 /* Assets.xcassets */ = {isa = PBXFileReference; lastKnownFileType = folder.assetcatalog; path = Assets.xcassets; sourceTree = "<group>"; };
		61C60C431F565DBC00B6A921 /* Base */ = {isa = PBXFileReference; lastKnownFileType = file.storyboard; name = Base; path = Base.lproj/LaunchScreen.storyboard; sourceTree = "<group>"; };
		61C60C451F565DBC00B6A921 /* Info.plist */ = {isa = PBXFileReference; lastKnownFileType = text.plist.xml; path = Info.plist; sourceTree = "<group>"; };
		61C60C4A1F565DBC00B6A921 /* GYChatTextFieldDemoTests.xctest */ = {isa = PBXFileReference; explicitFileType = wrapper.cfbundle; includeInIndex = 0; path = GYChatTextFieldDemoTests.xctest; sourceTree = BUILT_PRODUCTS_DIR; };
		61C60C4E1F565DBC00B6A921 /* GYChatTextFieldDemoTests.m */ = {isa = PBXFileReference; lastKnownFileType = sourcecode.c.objc; path = GYChatTextFieldDemoTests.m; sourceTree = "<group>"; };
		61C60C501F565DBC00B6A921 /* Info.plist */ = {isa = PBXFileReference; lastKnownFileType = text.plist.xml; path = Info.plist; sourceTree = "<group>"; };
		61C60C551F565DBC00B6A921 /* GYChatTextFieldDemoUITests.xctest */ = {isa = PBXFileReference; explicitFileType = wrapper.cfbundle; includeInIndex = 0; path = GYChatTextFieldDemoUITests.xctest; sourceTree = BUILT_PRODUCTS_DIR; };
		61C60C591F565DBC00B6A921 /* GYChatTextFieldDemoUITests.m */ = {isa = PBXFileReference; lastKnownFileType = sourcecode.c.objc; path = GYChatTextFieldDemoUITests.m; sourceTree = "<group>"; };
		61C60C5B1F565DBC00B6A921 /* Info.plist */ = {isa = PBXFileReference; lastKnownFileType = text.plist.xml; path = Info.plist; sourceTree = "<group>"; };
/* End PBXFileReference section */

/* Begin PBXFrameworksBuildPhase section */
		61C60C2E1F565DBC00B6A921 /* Frameworks */ = {
			isa = PBXFrameworksBuildPhase;
			buildActionMask = 2147483647;
			files = (
			);
			runOnlyForDeploymentPostprocessing = 0;
		};
		61C60C471F565DBC00B6A921 /* Frameworks */ = {
			isa = PBXFrameworksBuildPhase;
			buildActionMask = 2147483647;
			files = (
			);
			runOnlyForDeploymentPostprocessing = 0;
		};
		61C60C521F565DBC00B6A921 /* Frameworks */ = {
			isa = PBXFrameworksBuildPhase;
			buildActionMask = 2147483647;
			files = (
			);
			runOnlyForDeploymentPostprocessing = 0;
		};
/* End PBXFrameworksBuildPhase section */

/* Begin PBXGroup section */
		61703A3E1F8B064A00DDFE1C /* GYChat */ = {
			isa = PBXGroup;
			children = (
				61703A3F1F8B064A00DDFE1C /* GYChatInputCustomView.h */,
				61703A401F8B064A00DDFE1C /* GYChatInputCustomView.m */,
				61703A411F8B064A00DDFE1C /* GYChatInputCustomViewCount.h */,
				61703A421F8B064A00DDFE1C /* GYChatInputStyle1View.h */,
				61703A431F8B064A00DDFE1C /* GYChatInputStyle1View.m */,
				61703A441F8B064A00DDFE1C /* GYChatManager.h */,
				61703A451F8B064A00DDFE1C /* GYChatManager.m */,
				61703A461F8B064A00DDFE1C /* GYChatManagerCount.h */,
				61703A471F8B064A00DDFE1C /* GYChatView.h */,
				61703A481F8B064A00DDFE1C /* GYChatView.m */,
				61703A491F8B064A00DDFE1C /* GYChatViewCount.h */,
				61703A4A1F8B064A00DDFE1C /* GYMotionView.h */,
				61703A4B1F8B064A00DDFE1C /* GYMotionView.m */,
				61703A4C1F8B064A00DDFE1C /* GYMotionViewCount.h */,
				61703A4D1F8B064A00DDFE1C /* GYPicView.h */,
				61703A4E1F8B064A00DDFE1C /* GYPicView.m */,
				61703A4F1F8B064A00DDFE1C /* GYPicViewCount.h */,
				61703A501F8B064A00DDFE1C /* GYScreen.h */,
				61703A511F8B064A00DDFE1C /* GYVoiceInputPromptView.h */,
				61703A521F8B064A00DDFE1C /* GYVoiceInputPromptView.m */,
				61703A531F8B064A00DDFE1C /* GYVoiceInputPromptViewCount.h */,
				61703A541F8B064A00DDFE1C /* Resource */,
			);
			path = GYChat;
			sourceTree = "<group>";
		};
		61703A541F8B064A00DDFE1C /* Resource */ = {
			isa = PBXGroup;
			children = (
				61703A551F8B064A00DDFE1C /* Album_ToolViewEmotion.png */,
				61703A561F8B064A00DDFE1C /* cancel_audio.png */,
				61703A571F8B064A00DDFE1C /* chat_camera_icon.png */,
				61703A581F8B064A00DDFE1C /* chat_camera_icon_hl.png */,
				61703A591F8B064A00DDFE1C /* chat_file_icon.png */,
				61703A5A1F8B064A00DDFE1C /* chat_file_icon_hl.png */,
				61703A5B1F8B064A00DDFE1C /* chat_picture_icon.png */,
				61703A5C1F8B064A00DDFE1C /* chat_picture_icon_hl.png */,
				61703A5D1F8B064A00DDFE1C /* chat_receipt_icon.png */,
				61703A5E1F8B064A00DDFE1C /* chat_receipt_icon_hl.png */,
				61703A5F1F8B064A00DDFE1C /* chat_video_icon.png */,
				61703A601F8B064A00DDFE1C /* chat_video_icon_hl.png */,
				61703A611F8B064A00DDFE1C /* Face */,
				61703AEE1F8B064A00DDFE1C /* Fav_Search_Voice.png */,
				61703AEF1F8B064A00DDFE1C /* Keyboard_ios.png */,
				61703AF01F8B064A00DDFE1C /* Microphone_ico01.png */,
				61703AF11F8B064A00DDFE1C /* Microphone_ico02.png */,
				61703AF21F8B064A00DDFE1C /* Microphone_ico03.png */,
				61703AF31F8B064A00DDFE1C /* Mode_listtotext.png */,
				61703AF41F8B064A00DDFE1C /* Mode_texttolist.png */,
				61703AF51F8B064A00DDFE1C /* speak_Layer_bj.png */,
				61703AF61F8B064A00DDFE1C /* speak_Layer_bj1.png */,
				61703AF71F8B064A00DDFE1C /* speaking_Button.png */,
				61703AF81F8B064A00DDFE1C /* speaking_Button_click.png */,
				61703AF91F8B064A00DDFE1C /* type_select_btn_nor.png */,
				61703AFA1F8B064A00DDFE1C /* 语音输入.png */,
			);
			path = Resource;
			sourceTree = "<group>";
		};
		61703A611F8B064A00DDFE1C /* Face */ = {
			isa = PBXGroup;
			children = (
				61703A621F8B064A00DDFE1C /* face_am.png */,
				61703A631F8B064A00DDFE1C /* face_ax.png */,
				61703A641F8B064A00DDFE1C /* face_baib.png */,
				61703A651F8B064A00DDFE1C /* face_bq.png */,
				61703A661F8B064A00DDFE1C /* face_bs.png */,
				61703A671F8B064A00DDFE1C /* face_bx.png */,
				61703A681F8B064A00DDFE1C /* face_by.png */,
				61703A691F8B064A00DDFE1C /* face_bz.png */,
				61703A6A1F8B064A00DDFE1C /* face_cj.png */,
				61703A6B1F8B064A00DDFE1C /* face_coffee.png */,
				61703A6C1F8B064A00DDFE1C /* face_coffee1.png */,
				61703A6D1F8B064A00DDFE1C /* face_dao.png */,
				61703A6E1F8B064A00DDFE1C /* face_dh.png */,
				61703A6F1F8B064A00DDFE1C /* face_dk.png */,
				61703A701F8B064A00DDFE1C /* face_dsj.png */,
				61703A711F8B064A00DDFE1C /* face_dx.png */,
				61703A721F8B064A00DDFE1C /* face_email.png */,
				61703A731F8B064A00DDFE1C /* face_ex.png */,
				61703A741F8B064A00DDFE1C /* face_fd.png */,
				61703A751F8B064A00DDFE1C /* face_fdou.png */,
				61703A761F8B064A00DDFE1C /* face_fjding.png */,
				61703A771F8B064A00DDFE1C /* face_fjdy.png */,
				61703A781F8B064A00DDFE1C /* face_fjfw.png */,
				61703A791F8B064A00DDFE1C /* face_fjhang.png */,
				61703A7A1F8B064A00DDFE1C /* face_fjku.png */,
				61703A7B1F8B064A00DDFE1C /* face_fjrz.png */,
				61703A7C1F8B064A00DDFE1C /* face_fjwq.png */,
				61703A7D1F8B064A00DDFE1C /* face_fjwx.png */,
				61703A7E1F8B064A00DDFE1C /* face_fjyun.png */,
				61703A7F1F8B064A00DDFE1C /* face_gg.png */,
				61703A801F8B064A00DDFE1C /* face_girl.png */,
				61703A811F8B064A00DDFE1C /* face_gz1.png */,
				61703A821F8B064A00DDFE1C /* face_gz2.png */,
				61703A831F8B064A00DDFE1C /* face_han.png */,
				61703A841F8B064A00DDFE1C /* face_heng.png */,
				61703A851F8B064A00DDFE1C /* face_huiy.png */,
				61703A861F8B064A00DDFE1C /* face_hx.png */,
				61703A871F8B064A00DDFE1C /* face_hxiao.png */,
				61703A881F8B064A00DDFE1C /* face_hxiu.png */,
				61703A891F8B064A00DDFE1C /* face_hy.png */,
				61703A8A1F8B064A00DDFE1C /* face_hz.png */,
				61703A8B1F8B064A00DDFE1C /* face_je.png */,
				61703A8C1F8B064A00DDFE1C /* face_jiub.png */,
				61703A8D1F8B064A00DDFE1C /* face_jk.png */,
				61703A8E1F8B064A00DDFE1C /* face_jl.png */,
				61703A8F1F8B064A00DDFE1C /* face_jy.png */,
				61703A901F8B064A00DDFE1C /* face_ka.png */,
				61703A911F8B064A00DDFE1C /* face_kl.png */,
				61703A921F8B064A00DDFE1C /* face_ku.png */,
				61703A931F8B064A00DDFE1C /* face_kun.png */,
				61703A941F8B064A00DDFE1C /* face_lh.png */,
				61703A951F8B064A00DDFE1C /* face_lh2.png */,
				61703A961F8B064A00DDFE1C /* face_lhan.png */,
				61703A971F8B064A00DDFE1C /* face_llei.png */,
				61703A981F8B064A00DDFE1C /* face_lw.png */,
				61703A991F8B064A00DDFE1C /* face_money.png */,
				61703A9A1F8B064A00DDFE1C /* face_money2.png */,
				61703A9B1F8B064A00DDFE1C /* face_music.png */,
				61703A9C1F8B064A00DDFE1C /* face_ncc.png */,
				61703A9D1F8B064A00DDFE1C /* face_ncs.png */,
				61703A9E1F8B064A00DDFE1C /* face_ndbq.png */,
				61703A9F1F8B064A00DDFE1C /* face_ndd.png */,
				61703AA01F8B064A00DDFE1C /* face_ndk.png */,
				61703AA11F8B064A00DDFE1C /* face_ndl.png */,
				61703AA21F8B064A00DDFE1C /* face_ndnfz.png */,
				61703AA31F8B064A00DDFE1C /* face_nds.png */,
				61703AA41F8B064A00DDFE1C /* face_ndshu.png */,
				61703AA51F8B064A00DDFE1C /* face_ndy.png */,
				61703AA61F8B064A00DDFE1C /* face_nfd.png */,
				61703AA71F8B064A00DDFE1C /* face_nfdn.png */,
				61703AA81F8B064A00DDFE1C /* face_nfn.png */,
				61703AA91F8B064A00DDFE1C /* face_ng.png */,
				61703AAA1F8B064A00DDFE1C /* face_ngirl.png */,
				61703AAB1F8B064A00DDFE1C /* face_ngl.png */,
				61703AAC1F8B064A00DDFE1C /* face_nheng.png */,
				61703AAD1F8B064A00DDFE1C /* face_nhx.png */,
				61703AAE1F8B064A00DDFE1C /* face_nhxiu.png */,
				61703AAF1F8B064A00DDFE1C /* face_njiong.png */,
				61703AB01F8B064A00DDFE1C /* face_njr.png */,
				61703AB11F8B064A00DDFE1C /* face_njy.png */,
				61703AB21F8B064A00DDFE1C /* face_nkj.png */,
				61703AB31F8B064A00DDFE1C /* face_nku.png */,
				61703AB41F8B064A00DDFE1C /* face_nkun.png */,
				61703AB51F8B064A00DDFE1C /* face_nlei.png */,
				61703AB61F8B064A00DDFE1C /* face_nlhai.png */,
				61703AB71F8B064A00DDFE1C /* face_nmg.png */,
				61703AB81F8B064A00DDFE1C /* face_nnb.png */,
				61703AB91F8B064A00DDFE1C /* face_nnguo.png */,
				61703ABA1F8B064A00DDFE1C /* face_nnlmm.png */,
				61703ABB1F8B064A00DDFE1C /* face_nno.png */,
				61703ABC1F8B064A00DDFE1C /* face_nok.png */,
				61703ABD1F8B064A00DDFE1C /* face_nsh.png */,
				61703ABE1F8B064A00DDFE1C /* face_nsx.png */,
				61703ABF1F8B064A00DDFE1C /* face_ntc.png */,
				61703AC01F8B064A00DDFE1C /* face_ntq.png */,
				61703AC11F8B064A00DDFE1C /* face_ntqiu.png */,
				61703AC21F8B064A00DDFE1C /* face_ntx.png */,
				61703AC31F8B064A00DDFE1C /* face_nu.png */,
				61703AC41F8B064A00DDFE1C /* face_nwq.png */,
				61703AC51F8B064A00DDFE1C /* face_nxhnf.png */,
				61703AC61F8B064A00DDFE1C /* face_nxw.png */,
				61703AC71F8B064A00DDFE1C /* face_nxx.png */,
				61703AC81F8B064A00DDFE1C /* face_nyb.png */,
				61703AC91F8B064A00DDFE1C /* face_nyw.png */,
				61703ACA1F8B064A00DDFE1C /* face_nzan.png */,
				61703ACB1F8B064A00DDFE1C /* face_nzd.png */,
				61703ACC1F8B064A00DDFE1C /* face_nzk.png */,
				61703ACD1F8B064A00DDFE1C /* face_nzxr.png */,
				61703ACE1F8B064A00DDFE1C /* face_ok.png */,
				61703ACF1F8B064A00DDFE1C /* face_pj.png */,
				61703AD01F8B064A00DDFE1C /* face_ppq.png */,
				61703AD11F8B064A00DDFE1C /* face_qd.png */,
				61703AD21F8B064A00DDFE1C /* face_qq.png */,
				61703AD31F8B064A00DDFE1C /* face_sc.png */,
				61703AD41F8B064A00DDFE1C /* face_se.png */,
				61703AD51F8B064A00DDFE1C /* face_shh.png */,
				61703AD61F8B064A00DDFE1C /* face_shuai.png */,
				61703AD71F8B064A00DDFE1C /* face_sj.png */,
				61703AD81F8B064A00DDFE1C /* face_sl.png */,
				61703AD91F8B064A00DDFE1C /* face_tc.png */,
				61703ADA1F8B064A00DDFE1C /* face_tp.png */,
				61703ADB1F8B064A00DDFE1C /* face_tu.png */,
				61703ADC1F8B064A00DDFE1C /* face_tx.png */,
				61703ADD1F8B064A00DDFE1C /* face_wq.png */,
				61703ADE1F8B064A00DDFE1C /* face_ws.png */,
				61703ADF1F8B064A00DDFE1C /* face_wx.png */,
				61703AE01F8B064A00DDFE1C /* face_xg.png */,
				61703AE11F8B064A00DDFE1C /* face_xh.png */,
				61703AE21F8B064A00DDFE1C /* face_xia.png */,
				61703AE31F8B064A00DDFE1C /* face_xs.png */,
				61703AE41F8B064A00DDFE1C /* face_xu.png */,
				61703AE51F8B064A00DDFE1C /* face_yaow.png */,
				61703AE61F8B064A00DDFE1C /* face_yb.png */,
				61703AE71F8B064A00DDFE1C /* face_yhh.png */,
				61703AE81F8B064A00DDFE1C /* face_yun.png */,
				61703AE91F8B064A00DDFE1C /* face_yw.png */,
				61703AEA1F8B064A00DDFE1C /* face_yx.png */,
				61703AEB1F8B064A00DDFE1C /* face_zhk.png */,
				61703AEC1F8B064A00DDFE1C /* face_zhu.png */,
				61703AED1F8B064A00DDFE1C /* face_zq.png */,
			);
			path = Face;
			sourceTree = "<group>";
		};
		61C60C281F565DBC00B6A921 = {
			isa = PBXGroup;
			children = (
				61C60C331F565DBC00B6A921 /* GYChatTextFieldDemo */,
				61C60C4D1F565DBC00B6A921 /* GYChatTextFieldDemoTests */,
				61C60C581F565DBC00B6A921 /* GYChatTextFieldDemoUITests */,
				61C60C321F565DBC00B6A921 /* Products */,
			);
			sourceTree = "<group>";
		};
		61C60C321F565DBC00B6A921 /* Products */ = {
			isa = PBXGroup;
			children = (
				61C60C311F565DBC00B6A921 /* GYChatTextFieldDemo.app */,
				61C60C4A1F565DBC00B6A921 /* GYChatTextFieldDemoTests.xctest */,
				61C60C551F565DBC00B6A921 /* GYChatTextFieldDemoUITests.xctest */,
			);
			name = Products;
			sourceTree = "<group>";
		};
		61C60C331F565DBC00B6A921 /* GYChatTextFieldDemo */ = {
			isa = PBXGroup;
			children = (
				61703A3E1F8B064A00DDFE1C /* GYChat */,
				61C60C371F565DBC00B6A921 /* AppDelegate.h */,
				61C60C381F565DBC00B6A921 /* AppDelegate.m */,
				61C60C3A1F565DBC00B6A921 /* ViewController.h */,
				61C60C3B1F565DBC00B6A921 /* ViewController.m */,
				61A7C88E1F662B7600018DB6 /* TalkViewController.h */,
				61A7C88F1F662B7600018DB6 /* TalkViewController.m */,
				61C60C3D1F565DBC00B6A921 /* Main.storyboard */,
				61C60C401F565DBC00B6A921 /* Assets.xcassets */,
				61C60C421F565DBC00B6A921 /* LaunchScreen.storyboard */,
				61C60C451F565DBC00B6A921 /* Info.plist */,
				61C60C341F565DBC00B6A921 /* Supporting Files */,
			);
			path = GYChatTextFieldDemo;
			sourceTree = "<group>";
		};
		61C60C341F565DBC00B6A921 /* Supporting Files */ = {
			isa = PBXGroup;
			children = (
				61C60C351F565DBC00B6A921 /* main.m */,
			);
			name = "Supporting Files";
			sourceTree = "<group>";
		};
		61C60C4D1F565DBC00B6A921 /* GYChatTextFieldDemoTests */ = {
			isa = PBXGroup;
			children = (
				61C60C4E1F565DBC00B6A921 /* GYChatTextFieldDemoTests.m */,
				61C60C501F565DBC00B6A921 /* Info.plist */,
			);
			path = GYChatTextFieldDemoTests;
			sourceTree = "<group>";
		};
		61C60C581F565DBC00B6A921 /* GYChatTextFieldDemoUITests */ = {
			isa = PBXGroup;
			children = (
				61C60C591F565DBC00B6A921 /* GYChatTextFieldDemoUITests.m */,
				61C60C5B1F565DBC00B6A921 /* Info.plist */,
			);
			path = GYChatTextFieldDemoUITests;
			sourceTree = "<group>";
		};
/* End PBXGroup section */

/* Begin PBXNativeTarget section */
		61C60C301F565DBC00B6A921 /* GYChatTextFieldDemo */ = {
			isa = PBXNativeTarget;
			buildConfigurationList = 61C60C5E1F565DBC00B6A921 /* Build configuration list for PBXNativeTarget "GYChatTextFieldDemo" */;
			buildPhases = (
				61C60C2D1F565DBC00B6A921 /* Sources */,
				61C60C2E1F565DBC00B6A921 /* Frameworks */,
				61C60C2F1F565DBC00B6A921 /* Resources */,
			);
			buildRules = (
			);
			dependencies = (
			);
			name = GYChatTextFieldDemo;
			productName = GYChatTextFieldDemo;
			productReference = 61C60C311F565DBC00B6A921 /* GYChatTextFieldDemo.app */;
			productType = "com.apple.product-type.application";
		};
		61C60C491F565DBC00B6A921 /* GYChatTextFieldDemoTests */ = {
			isa = PBXNativeTarget;
			buildConfigurationList = 61C60C611F565DBC00B6A921 /* Build configuration list for PBXNativeTarget "GYChatTextFieldDemoTests" */;
			buildPhases = (
				61C60C461F565DBC00B6A921 /* Sources */,
				61C60C471F565DBC00B6A921 /* Frameworks */,
				61C60C481F565DBC00B6A921 /* Resources */,
			);
			buildRules = (
			);
			dependencies = (
				61C60C4C1F565DBC00B6A921 /* PBXTargetDependency */,
			);
			name = GYChatTextFieldDemoTests;
			productName = GYChatTextFieldDemoTests;
			productReference = 61C60C4A1F565DBC00B6A921 /* GYChatTextFieldDemoTests.xctest */;
			productType = "com.apple.product-type.bundle.unit-test";
		};
		61C60C541F565DBC00B6A921 /* GYChatTextFieldDemoUITests */ = {
			isa = PBXNativeTarget;
			buildConfigurationList = 61C60C641F565DBC00B6A921 /* Build configuration list for PBXNativeTarget "GYChatTextFieldDemoUITests" */;
			buildPhases = (
				61C60C511F565DBC00B6A921 /* Sources */,
				61C60C521F565DBC00B6A921 /* Frameworks */,
				61C60C531F565DBC00B6A921 /* Resources */,
			);
			buildRules = (
			);
			dependencies = (
				61C60C571F565DBC00B6A921 /* PBXTargetDependency */,
			);
			name = GYChatTextFieldDemoUITests;
			productName = GYChatTextFieldDemoUITests;
			productReference = 61C60C551F565DBC00B6A921 /* GYChatTextFieldDemoUITests.xctest */;
			productType = "com.apple.product-type.bundle.ui-testing";
		};
/* End PBXNativeTarget section */

/* Begin PBXProject section */
		61C60C291F565DBC00B6A921 /* Project object */ = {
			isa = PBXProject;
			attributes = {
				LastUpgradeCheck = 0830;
				ORGANIZATIONNAME = lidianchao;
				TargetAttributes = {
					61C60C301F565DBC00B6A921 = {
						CreatedOnToolsVersion = 8.3.3;
						DevelopmentTeam = QP99DRZ3CS;
						ProvisioningStyle = Automatic;
					};
					61C60C491F565DBC00B6A921 = {
						CreatedOnToolsVersion = 8.3.3;
						ProvisioningStyle = Automatic;
						TestTargetID = 61C60C301F565DBC00B6A921;
					};
					61C60C541F565DBC00B6A921 = {
						CreatedOnToolsVersion = 8.3.3;
						ProvisioningStyle = Automatic;
						TestTargetID = 61C60C301F565DBC00B6A921;
					};
				};
			};
			buildConfigurationList = 61C60C2C1F565DBC00B6A921 /* Build configuration list for PBXProject "GYChatTextFieldDemo" */;
			compatibilityVersion = "Xcode 3.2";
			developmentRegion = English;
			hasScannedForEncodings = 0;
			knownRegions = (
				en,
				Base,
			);
			mainGroup = 61C60C281F565DBC00B6A921;
			productRefGroup = 61C60C321F565DBC00B6A921 /* Products */;
			projectDirPath = "";
			projectRoot = "";
			targets = (
				61C60C301F565DBC00B6A921 /* GYChatTextFieldDemo */,
				61C60C491F565DBC00B6A921 /* GYChatTextFieldDemoTests */,
				61C60C541F565DBC00B6A921 /* GYChatTextFieldDemoUITests */,
			);
		};
/* End PBXProject section */

/* Begin PBXResourcesBuildPhase section */
		61C60C2F1F565DBC00B6A921 /* Resources */ = {
			isa = PBXResourcesBuildPhase;
			buildActionMask = 2147483647;
			files = (
				61703B311F8B064B00DDFE1C /* face_huiy.png in Resources */,
				61703B931F8B064B00DDFE1C /* face_yhh.png in Resources */,
				61703B301F8B064B00DDFE1C /* face_heng.png in Resources */,
				61703B9D1F8B064B00DDFE1C /* Microphone_ico02.png in Resources */,
				61703B6A1F8B064B00DDFE1C /* face_nsx.png in Resources */,
				61703B1A1F8B064B00DDFE1C /* face_dh.png in Resources */,
				61703B5D1F8B064B00DDFE1C /* face_njy.png in Resources */,
				61703B771F8B064B00DDFE1C /* face_nzd.png in Resources */,
				61703B0C1F8B064B00DDFE1C /* chat_video_icon.png in Resources */,
				61703B751F8B064B00DDFE1C /* face_nyw.png in Resources */,
				61703B161F8B064B00DDFE1C /* face_cj.png in Resources */,
				61703B691F8B064B00DDFE1C /* face_nsh.png in Resources */,
				61703B8A1F8B064B00DDFE1C /* face_ws.png in Resources */,
				61703B4B1F8B064B00DDFE1C /* face_ndd.png in Resources */,
				61703B191F8B064B00DDFE1C /* face_dao.png in Resources */,
				61703B601F8B064B00DDFE1C /* face_nkun.png in Resources */,
				61703B021F8B064B00DDFE1C /* Album_ToolViewEmotion.png in Resources */,
				61703B1D1F8B064B00DDFE1C /* face_dx.png in Resources */,
				61703B071F8B064B00DDFE1C /* chat_file_icon_hl.png in Resources */,
				61703B1F1F8B064B00DDFE1C /* face_ex.png in Resources */,
				61703B211F8B064B00DDFE1C /* face_fdou.png in Resources */,
				61703B151F8B064B00DDFE1C /* face_bz.png in Resources */,
				61703B711F8B064B00DDFE1C /* face_nxhnf.png in Resources */,
				61703BA31F8B064B00DDFE1C /* speaking_Button.png in Resources */,
				61703B951F8B064B00DDFE1C /* face_yw.png in Resources */,
				61703B901F8B064B00DDFE1C /* face_xu.png in Resources */,
				61703B3E1F8B064B00DDFE1C /* face_ku.png in Resources */,
				61703B4C1F8B064B00DDFE1C /* face_ndk.png in Resources */,
				61703B991F8B064B00DDFE1C /* face_zq.png in Resources */,
				61703B341F8B064B00DDFE1C /* face_hxiu.png in Resources */,
				61703B9C1F8B064B00DDFE1C /* Microphone_ico01.png in Resources */,
				61703B271F8B064B00DDFE1C /* face_fjrz.png in Resources */,
				61703B501F8B064B00DDFE1C /* face_ndshu.png in Resources */,
				61703B351F8B064B00DDFE1C /* face_hy.png in Resources */,
				61703B561F8B064B00DDFE1C /* face_ngirl.png in Resources */,
				61703B811F8B064B00DDFE1C /* face_shh.png in Resources */,
				61703B401F8B064B00DDFE1C /* face_lh.png in Resources */,
				61703B9A1F8B064B00DDFE1C /* Fav_Search_Voice.png in Resources */,
				61703B641F8B064B00DDFE1C /* face_nnb.png in Resources */,
				61703B5C1F8B064B00DDFE1C /* face_njr.png in Resources */,
				61703B6B1F8B064B00DDFE1C /* face_ntc.png in Resources */,
				61703B861F8B064B00DDFE1C /* face_tp.png in Resources */,
				61703B421F8B064B00DDFE1C /* face_lhan.png in Resources */,
				61703B511F8B064B00DDFE1C /* face_ndy.png in Resources */,
				61703B5A1F8B064B00DDFE1C /* face_nhxiu.png in Resources */,
				61703B831F8B064B00DDFE1C /* face_sj.png in Resources */,
				61703B611F8B064B00DDFE1C /* face_nlei.png in Resources */,
				61703B6F1F8B064B00DDFE1C /* face_nu.png in Resources */,
				61703B221F8B064B00DDFE1C /* face_fjding.png in Resources */,
				61703B371F8B064B00DDFE1C /* face_je.png in Resources */,
				61703B7C1F8B064B00DDFE1C /* face_ppq.png in Resources */,
				61703B171F8B064B00DDFE1C /* face_coffee.png in Resources */,
				61703B3C1F8B064B00DDFE1C /* face_ka.png in Resources */,
				61703B661F8B064B00DDFE1C /* face_nnlmm.png in Resources */,
				61703B8B1F8B064B00DDFE1C /* face_wx.png in Resources */,
				61703B8E1F8B064B00DDFE1C /* face_xia.png in Resources */,
				61703B1C1F8B064B00DDFE1C /* face_dsj.png in Resources */,
				61703B6C1F8B064B00DDFE1C /* face_ntq.png in Resources */,
				61703B7B1F8B064B00DDFE1C /* face_pj.png in Resources */,
				61703B6E1F8B064B00DDFE1C /* face_ntx.png in Resources */,
				61703B701F8B064B00DDFE1C /* face_nwq.png in Resources */,
				61703B791F8B064B00DDFE1C /* face_nzxr.png in Resources */,
				61703B4D1F8B064B00DDFE1C /* face_ndl.png in Resources */,
				61703B091F8B064B00DDFE1C /* chat_picture_icon_hl.png in Resources */,
				61703B621F8B064B00DDFE1C /* face_nlhai.png in Resources */,
				61703B721F8B064B00DDFE1C /* face_nxw.png in Resources */,
				61703B7A1F8B064B00DDFE1C /* face_ok.png in Resources */,
				61703B131F8B064B00DDFE1C /* face_bx.png in Resources */,
				61C60C441F565DBC00B6A921 /* LaunchScreen.storyboard in Resources */,
				61703B4F1F8B064B00DDFE1C /* face_nds.png in Resources */,
				61703B631F8B064B00DDFE1C /* face_nmg.png in Resources */,
				61703B111F8B064B00DDFE1C /* face_bq.png in Resources */,
				61703B411F8B064B00DDFE1C /* face_lh2.png in Resources */,
				61703B2C1F8B064B00DDFE1C /* face_girl.png in Resources */,
				61703B9B1F8B064B00DDFE1C /* Keyboard_ios.png in Resources */,
				61703B381F8B064B00DDFE1C /* face_jiub.png in Resources */,
				61703B181F8B064B00DDFE1C /* face_coffee1.png in Resources */,
				61703B141F8B064B00DDFE1C /* face_by.png in Resources */,
				61703B6D1F8B064B00DDFE1C /* face_ntqiu.png in Resources */,
				61703B451F8B064B00DDFE1C /* face_money.png in Resources */,
				61703B971F8B064B00DDFE1C /* face_zhk.png in Resources */,
				61703B081F8B064B00DDFE1C /* chat_picture_icon.png in Resources */,
				61703B591F8B064B00DDFE1C /* face_nhx.png in Resources */,
				61703B841F8B064B00DDFE1C /* face_sl.png in Resources */,
				61703B321F8B064B00DDFE1C /* face_hx.png in Resources */,
				61703B8D1F8B064B00DDFE1C /* face_xh.png in Resources */,
				61703B201F8B064B00DDFE1C /* face_fd.png in Resources */,
				61703B471F8B064B00DDFE1C /* face_music.png in Resources */,
				61703B331F8B064B00DDFE1C /* face_hxiao.png in Resources */,
				61703B2F1F8B064B00DDFE1C /* face_han.png in Resources */,
				61703B361F8B064B00DDFE1C /* face_hz.png in Resources */,
				61703BA01F8B064B00DDFE1C /* Mode_texttolist.png in Resources */,
				61703BA41F8B064B00DDFE1C /* speaking_Button_click.png in Resources */,
				61703B9F1F8B064B00DDFE1C /* Mode_listtotext.png in Resources */,
				61703B241F8B064B00DDFE1C /* face_fjfw.png in Resources */,
				61C60C411F565DBC00B6A921 /* Assets.xcassets in Resources */,
				61703B231F8B064B00DDFE1C /* face_fjdy.png in Resources */,
				61703B741F8B064B00DDFE1C /* face_nyb.png in Resources */,
				61703B891F8B064B00DDFE1C /* face_wq.png in Resources */,
				61703B031F8B064B00DDFE1C /* cancel_audio.png in Resources */,
				61703B7E1F8B064B00DDFE1C /* face_qq.png in Resources */,
				61703B061F8B064B00DDFE1C /* chat_file_icon.png in Resources */,
				61C60C3F1F565DBC00B6A921 /* Main.storyboard in Resources */,
				61703B3D1F8B064B00DDFE1C /* face_kl.png in Resources */,
				61703BA21F8B064B00DDFE1C /* speak_Layer_bj1.png in Resources */,
				61703B7F1F8B064B00DDFE1C /* face_sc.png in Resources */,
				61703B0E1F8B064B00DDFE1C /* face_am.png in Resources */,
				61703B3F1F8B064B00DDFE1C /* face_kun.png in Resources */,
				61703B041F8B064B00DDFE1C /* chat_camera_icon.png in Resources */,
				61703B651F8B064B00DDFE1C /* face_nnguo.png in Resources */,
				61703B2D1F8B064B00DDFE1C /* face_gz1.png in Resources */,
				61703B2E1F8B064B00DDFE1C /* face_gz2.png in Resources */,
				61703B7D1F8B064B00DDFE1C /* face_qd.png in Resources */,
				61703B551F8B064B00DDFE1C /* face_ng.png in Resources */,
				61703B291F8B064B00DDFE1C /* face_fjwx.png in Resources */,
				61703B911F8B064B00DDFE1C /* face_yaow.png in Resources */,
				61703B1E1F8B064B00DDFE1C /* face_email.png in Resources */,
				61703B681F8B064B00DDFE1C /* face_nok.png in Resources */,
				61703B101F8B064B00DDFE1C /* face_baib.png in Resources */,
				61703B5B1F8B064B00DDFE1C /* face_njiong.png in Resources */,
				61703B961F8B064B00DDFE1C /* face_yx.png in Resources */,
				61703B441F8B064B00DDFE1C /* face_lw.png in Resources */,
				61703B051F8B064B00DDFE1C /* chat_camera_icon_hl.png in Resources */,
				61703B391F8B064B00DDFE1C /* face_jk.png in Resources */,
				61703B8F1F8B064B00DDFE1C /* face_xs.png in Resources */,
				61703B921F8B064B00DDFE1C /* face_yb.png in Resources */,
				61703B2B1F8B064B00DDFE1C /* face_gg.png in Resources */,
				61703B571F8B064B00DDFE1C /* face_ngl.png in Resources */,
				61703B761F8B064B00DDFE1C /* face_nzan.png in Resources */,
				61703B801F8B064B00DDFE1C /* face_se.png in Resources */,
				61703B5F1F8B064B00DDFE1C /* face_nku.png in Resources */,
				61703BA61F8B064B00DDFE1C /* 语音输入.png in Resources */,
				61703B0F1F8B064B00DDFE1C /* face_ax.png in Resources */,
				61703B581F8B064B00DDFE1C /* face_nheng.png in Resources */,
				61703B781F8B064B00DDFE1C /* face_nzk.png in Resources */,
				61703B671F8B064B00DDFE1C /* face_nno.png in Resources */,
				61703B8C1F8B064B00DDFE1C /* face_xg.png in Resources */,
				61703B4E1F8B064B00DDFE1C /* face_ndnfz.png in Resources */,
				61703B851F8B064B00DDFE1C /* face_tc.png in Resources */,
				61703B281F8B064B00DDFE1C /* face_fjwq.png in Resources */,
				61703B0A1F8B064B00DDFE1C /* chat_receipt_icon.png in Resources */,
				61703B871F8B064B00DDFE1C /* face_tu.png in Resources */,
				61703B1B1F8B064B00DDFE1C /* face_dk.png in Resources */,
				61703B121F8B064B00DDFE1C /* face_bs.png in Resources */,
				61703B5E1F8B064B00DDFE1C /* face_nkj.png in Resources */,
				61703B981F8B064B00DDFE1C /* face_zhu.png in Resources */,
				61703B541F8B064B00DDFE1C /* face_nfn.png in Resources */,
				61703B251F8B064B00DDFE1C /* face_fjhang.png in Resources */,
				61703BA51F8B064B00DDFE1C /* type_select_btn_nor.png in Resources */,
				61703B481F8B064B00DDFE1C /* face_ncc.png in Resources */,
				61703B0B1F8B064B00DDFE1C /* chat_receipt_icon_hl.png in Resources */,
				61703B881F8B064B00DDFE1C /* face_tx.png in Resources */,
				61703B3B1F8B064B00DDFE1C /* face_jy.png in Resources */,
				61703B491F8B064B00DDFE1C /* face_ncs.png in Resources */,
				61703B461F8B064B00DDFE1C /* face_money2.png in Resources */,
				61703B521F8B064B00DDFE1C /* face_nfd.png in Resources */,
				61703BA11F8B064B00DDFE1C /* speak_Layer_bj.png in Resources */,
				61703B531F8B064B00DDFE1C /* face_nfdn.png in Resources */,
				61703B731F8B064B00DDFE1C /* face_nxx.png in Resources */,
				61703B431F8B064B00DDFE1C /* face_llei.png in Resources */,
				61703B9E1F8B064B00DDFE1C /* Microphone_ico03.png in Resources */,
				61703B941F8B064B00DDFE1C /* face_yun.png in Resources */,
				61703B261F8B064B00DDFE1C /* face_fjku.png in Resources */,
				61703B0D1F8B064B00DDFE1C /* chat_video_icon_hl.png in Resources */,
				61703B3A1F8B064B00DDFE1C /* face_jl.png in Resources */,
				61703B821F8B064B00DDFE1C /* face_shuai.png in Resources */,
				61703B2A1F8B064B00DDFE1C /* face_fjyun.png in Resources */,
				61703B4A1F8B064B00DDFE1C /* face_ndbq.png in Resources */,
			);
			runOnlyForDeploymentPostprocessing = 0;
		};
		61C60C481F565DBC00B6A921 /* Resources */ = {
			isa = PBXResourcesBuildPhase;
			buildActionMask = 2147483647;
			files = (
			);
			runOnlyForDeploymentPostprocessing = 0;
		};
		61C60C531F565DBC00B6A921 /* Resources */ = {
			isa = PBXResourcesBuildPhase;
			buildActionMask = 2147483647;
			files = (
			);
			runOnlyForDeploymentPostprocessing = 0;
		};
/* End PBXResourcesBuildPhase section */

/* Begin PBXSourcesBuildPhase section */
		61C60C2D1F565DBC00B6A921 /* Sources */ = {
			isa = PBXSourcesBuildPhase;
			buildActionMask = 2147483647;
			files = (
				61C60C3C1F565DBC00B6A921 /* ViewController.m in Sources */,
				61703AFC1F8B064B00DDFE1C /* GYChatInputStyle1View.m in Sources */,
				61703B011F8B064B00DDFE1C /* GYVoiceInputPromptView.m in Sources */,
				61703AFE1F8B064B00DDFE1C /* GYChatView.m in Sources */,
				61703AFF1F8B064B00DDFE1C /* GYMotionView.m in Sources */,
				61703AFD1F8B064B00DDFE1C /* GYChatManager.m in Sources */,
				61C60C391F565DBC00B6A921 /* AppDelegate.m in Sources */,
				61C60C361F565DBC00B6A921 /* main.m in Sources */,
				61703AFB1F8B064B00DDFE1C /* GYChatInputCustomView.m in Sources */,
				61A7C8901F662B7600018DB6 /* TalkViewController.m in Sources */,
				61703B001F8B064B00DDFE1C /* GYPicView.m in Sources */,
			);
			runOnlyForDeploymentPostprocessing = 0;
		};
		61C60C461F565DBC00B6A921 /* Sources */ = {
			isa = PBXSourcesBuildPhase;
			buildActionMask = 2147483647;
			files = (
				61C60C4F1F565DBC00B6A921 /* GYChatTextFieldDemoTests.m in Sources */,
			);
			runOnlyForDeploymentPostprocessing = 0;
		};
		61C60C511F565DBC00B6A921 /* Sources */ = {
			isa = PBXSourcesBuildPhase;
			buildActionMask = 2147483647;
			files = (
				61C60C5A1F565DBC00B6A921 /* GYChatTextFieldDemoUITests.m in Sources */,
			);
			runOnlyForDeploymentPostprocessing = 0;
		};
/* End PBXSourcesBuildPhase section */

/* Begin PBXTargetDependency section */
		61C60C4C1F565DBC00B6A921 /* PBXTargetDependency */ = {
			isa = PBXTargetDependency;
			target = 61C60C301F565DBC00B6A921 /* GYChatTextFieldDemo */;
			targetProxy = 61C60C4B1F565DBC00B6A921 /* PBXContainerItemProxy */;
		};
		61C60C571F565DBC00B6A921 /* PBXTargetDependency */ = {
			isa = PBXTargetDependency;
			target = 61C60C301F565DBC00B6A921 /* GYChatTextFieldDemo */;
			targetProxy = 61C60C561F565DBC00B6A921 /* PBXContainerItemProxy */;
		};
/* End PBXTargetDependency section */

/* Begin PBXVariantGroup section */
		61C60C3D1F565DBC00B6A921 /* Main.storyboard */ = {
			isa = PBXVariantGroup;
			children = (
				61C60C3E1F565DBC00B6A921 /* Base */,
			);
			name = Main.storyboard;
			sourceTree = "<group>";
		};
		61C60C421F565DBC00B6A921 /* LaunchScreen.storyboard */ = {
			isa = PBXVariantGroup;
			children = (
				61C60C431F565DBC00B6A921 /* Base */,
			);
			name = LaunchScreen.storyboard;
			sourceTree = "<group>";
		};
/* End PBXVariantGroup section */

/* Begin XCBuildConfiguration section */
		61C60C5C1F565DBC00B6A921 /* Debug */ = {
			isa = XCBuildConfiguration;
			buildSettings = {
				ALWAYS_SEARCH_USER_PATHS = NO;
				CLANG_ANALYZER_NONNULL = YES;
				CLANG_ANALYZER_NUMBER_OBJECT_CONVERSION = YES_AGGRESSIVE;
				CLANG_CXX_LANGUAGE_STANDARD = "gnu++0x";
				CLANG_CXX_LIBRARY = "libc++";
				CLANG_ENABLE_MODULES = YES;
				CLANG_ENABLE_OBJC_ARC = YES;
				CLANG_WARN_BOOL_CONVERSION = YES;
				CLANG_WARN_CONSTANT_CONVERSION = YES;
				CLANG_WARN_DIRECT_OBJC_ISA_USAGE = YES_ERROR;
				CLANG_WARN_DOCUMENTATION_COMMENTS = YES;
				CLANG_WARN_EMPTY_BODY = YES;
				CLANG_WARN_ENUM_CONVERSION = YES;
				CLANG_WARN_INFINITE_RECURSION = YES;
				CLANG_WARN_INT_CONVERSION = YES;
				CLANG_WARN_OBJC_ROOT_CLASS = YES_ERROR;
				CLANG_WARN_SUSPICIOUS_MOVE = YES;
				CLANG_WARN_UNREACHABLE_CODE = YES;
				CLANG_WARN__DUPLICATE_METHOD_MATCH = YES;
				"CODE_SIGN_IDENTITY[sdk=iphoneos*]" = "iPhone Developer";
				COPY_PHASE_STRIP = NO;
				DEBUG_INFORMATION_FORMAT = dwarf;
				ENABLE_STRICT_OBJC_MSGSEND = YES;
				ENABLE_TESTABILITY = YES;
				GCC_C_LANGUAGE_STANDARD = gnu99;
				GCC_DYNAMIC_NO_PIC = NO;
				GCC_NO_COMMON_BLOCKS = YES;
				GCC_OPTIMIZATION_LEVEL = 0;
				GCC_PREPROCESSOR_DEFINITIONS = (
					"DEBUG=1",
					"$(inherited)",
				);
				GCC_WARN_64_TO_32_BIT_CONVERSION = YES;
				GCC_WARN_ABOUT_RETURN_TYPE = YES_ERROR;
				GCC_WARN_UNDECLARED_SELECTOR = YES;
				GCC_WARN_UNINITIALIZED_AUTOS = YES_AGGRESSIVE;
				GCC_WARN_UNUSED_FUNCTION = YES;
				GCC_WARN_UNUSED_VARIABLE = YES;
				IPHONEOS_DEPLOYMENT_TARGET = 10.3;
				MTL_ENABLE_DEBUG_INFO = YES;
				ONLY_ACTIVE_ARCH = YES;
				SDKROOT = iphoneos;
				TARGETED_DEVICE_FAMILY = "1,2";
			};
			name = Debug;
		};
		61C60C5D1F565DBC00B6A921 /* Release */ = {
			isa = XCBuildConfiguration;
			buildSettings = {
				ALWAYS_SEARCH_USER_PATHS = NO;
				CLANG_ANALYZER_NONNULL = YES;
				CLANG_ANALYZER_NUMBER_OBJECT_CONVERSION = YES_AGGRESSIVE;
				CLANG_CXX_LANGUAGE_STANDARD = "gnu++0x";
				CLANG_CXX_LIBRARY = "libc++";
				CLANG_ENABLE_MODULES = YES;
				CLANG_ENABLE_OBJC_ARC = YES;
				CLANG_WARN_BOOL_CONVERSION = YES;
				CLANG_WARN_CONSTANT_CONVERSION = YES;
				CLANG_WARN_DIRECT_OBJC_ISA_USAGE = YES_ERROR;
				CLANG_WARN_DOCUMENTATION_COMMENTS = YES;
				CLANG_WARN_EMPTY_BODY = YES;
				CLANG_WARN_ENUM_CONVERSION = YES;
				CLANG_WARN_INFINITE_RECURSION = YES;
				CLANG_WARN_INT_CONVERSION = YES;
				CLANG_WARN_OBJC_ROOT_CLASS = YES_ERROR;
				CLANG_WARN_SUSPICIOUS_MOVE = YES;
				CLANG_WARN_UNREACHABLE_CODE = YES;
				CLANG_WARN__DUPLICATE_METHOD_MATCH = YES;
				"CODE_SIGN_IDENTITY[sdk=iphoneos*]" = "iPhone Developer";
				COPY_PHASE_STRIP = NO;
				DEBUG_INFORMATION_FORMAT = "dwarf-with-dsym";
				ENABLE_NS_ASSERTIONS = NO;
				ENABLE_STRICT_OBJC_MSGSEND = YES;
				GCC_C_LANGUAGE_STANDARD = gnu99;
				GCC_NO_COMMON_BLOCKS = YES;
				GCC_WARN_64_TO_32_BIT_CONVERSION = YES;
				GCC_WARN_ABOUT_RETURN_TYPE = YES_ERROR;
				GCC_WARN_UNDECLARED_SELECTOR = YES;
				GCC_WARN_UNINITIALIZED_AUTOS = YES_AGGRESSIVE;
				GCC_WARN_UNUSED_FUNCTION = YES;
				GCC_WARN_UNUSED_VARIABLE = YES;
				IPHONEOS_DEPLOYMENT_TARGET = 10.3;
				MTL_ENABLE_DEBUG_INFO = NO;
				SDKROOT = iphoneos;
				TARGETED_DEVICE_FAMILY = "1,2";
				VALIDATE_PRODUCT = YES;
			};
			name = Release;
		};
		61C60C5F1F565DBC00B6A921 /* Debug */ = {
			isa = XCBuildConfiguration;
			buildSettings = {
				ASSETCATALOG_COMPILER_APPICON_NAME = AppIcon;
				DEVELOPMENT_TEAM = QP99DRZ3CS;
				HEADER_SEARCH_PATHS = (
					"\"$(SRCROOT)/GYChatTextFieldDemo/amrToWav\"",
					"\"$(SRCROOT)/../../Masonry\"",
				);
				INFOPLIST_FILE = GYChatTextFieldDemo/Info.plist;
				LD_RUNPATH_SEARCH_PATHS = "$(inherited) @executable_path/Frameworks";
				PRODUCT_BUNDLE_IDENTIFIER = "-23.GYChatTextFieldDemo";
				PRODUCT_NAME = "$(TARGET_NAME)";
			};
			name = Debug;
		};
		61C60C601F565DBC00B6A921 /* Release */ = {
			isa = XCBuildConfiguration;
			buildSettings = {
				ASSETCATALOG_COMPILER_APPICON_NAME = AppIcon;
				DEVELOPMENT_TEAM = QP99DRZ3CS;
				HEADER_SEARCH_PATHS = (
					"\"$(SRCROOT)/GYChatTextFieldDemo/amrToWav\"",
					"\"$(SRCROOT)/../../Masonry\"",
				);
				INFOPLIST_FILE = GYChatTextFieldDemo/Info.plist;
				LD_RUNPATH_SEARCH_PATHS = "$(inherited) @executable_path/Frameworks";
				PRODUCT_BUNDLE_IDENTIFIER = "-23.GYChatTextFieldDemo";
				PRODUCT_NAME = "$(TARGET_NAME)";
			};
			name = Release;
		};
		61C60C621F565DBC00B6A921 /* Debug */ = {
			isa = XCBuildConfiguration;
			buildSettings = {
				BUNDLE_LOADER = "$(TEST_HOST)";
				INFOPLIST_FILE = GYChatTextFieldDemoTests/Info.plist;
				LD_RUNPATH_SEARCH_PATHS = "$(inherited) @executable_path/Frameworks @loader_path/Frameworks";
				PRODUCT_BUNDLE_IDENTIFIER = "-23.GYChatTextFieldDemoTests";
				PRODUCT_NAME = "$(TARGET_NAME)";
				TEST_HOST = "$(BUILT_PRODUCTS_DIR)/GYChatTextFieldDemo.app/GYChatTextFieldDemo";
			};
			name = Debug;
		};
		61C60C631F565DBC00B6A921 /* Release */ = {
			isa = XCBuildConfiguration;
			buildSettings = {
				BUNDLE_LOADER = "$(TEST_HOST)";
				INFOPLIST_FILE = GYChatTextFieldDemoTests/Info.plist;
				LD_RUNPATH_SEARCH_PATHS = "$(inherited) @executable_path/Frameworks @loader_path/Frameworks";
				PRODUCT_BUNDLE_IDENTIFIER = "-23.GYChatTextFieldDemoTests";
				PRODUCT_NAME = "$(TARGET_NAME)";
				TEST_HOST = "$(BUILT_PRODUCTS_DIR)/GYChatTextFieldDemo.app/GYChatTextFieldDemo";
			};
			name = Release;
		};
		61C60C651F565DBC00B6A921 /* Debug */ = {
			isa = XCBuildConfiguration;
			buildSettings = {
				INFOPLIST_FILE = GYChatTextFieldDemoUITests/Info.plist;
				LD_RUNPATH_SEARCH_PATHS = "$(inherited) @executable_path/Frameworks @loader_path/Frameworks";
				PRODUCT_BUNDLE_IDENTIFIER = "-23.GYChatTextFieldDemoUITests";
				PRODUCT_NAME = "$(TARGET_NAME)";
				TEST_TARGET_NAME = GYChatTextFieldDemo;
			};
			name = Debug;
		};
		61C60C661F565DBC00B6A921 /* Release */ = {
			isa = XCBuildConfiguration;
			buildSettings = {
				INFOPLIST_FILE = GYChatTextFieldDemoUITests/Info.plist;
				LD_RUNPATH_SEARCH_PATHS = "$(inherited) @executable_path/Frameworks @loader_path/Frameworks";
				PRODUCT_BUNDLE_IDENTIFIER = "-23.GYChatTextFieldDemoUITests";
				PRODUCT_NAME = "$(TARGET_NAME)";
				TEST_TARGET_NAME = GYChatTextFieldDemo;
			};
			name = Release;
		};
/* End XCBuildConfiguration section */

/* Begin XCConfigurationList section */
		61C60C2C1F565DBC00B6A921 /* Build configuration list for PBXProject "GYChatTextFieldDemo" */ = {
			isa = XCConfigurationList;
			buildConfigurations = (
				61C60C5C1F565DBC00B6A921 /* Debug */,
				61C60C5D1F565DBC00B6A921 /* Release */,
			);
			defaultConfigurationIsVisible = 0;
			defaultConfigurationName = Release;
		};
		61C60C5E1F565DBC00B6A921 /* Build configuration list for PBXNativeTarget "GYChatTextFieldDemo" */ = {
			isa = XCConfigurationList;
			buildConfigurations = (
				61C60C5F1F565DBC00B6A921 /* Debug */,
				61C60C601F565DBC00B6A921 /* Release */,
			);
			defaultConfigurationIsVisible = 0;
			defaultConfigurationName = Release;
		};
		61C60C611F565DBC00B6A921 /* Build configuration list for PBXNativeTarget "GYChatTextFieldDemoTests" */ = {
			isa = XCConfigurationList;
			buildConfigurations = (
				61C60C621F565DBC00B6A921 /* Debug */,
				61C60C631F565DBC00B6A921 /* Release */,
			);
			defaultConfigurationIsVisible = 0;
			defaultConfigurationName = Release;
		};
		61C60C641F565DBC00B6A921 /* Build configuration list for PBXNativeTarget "GYChatTextFieldDemoUITests" */ = {
			isa = XCConfigurationList;
			buildConfigurations = (
				61C60C651F565DBC00B6A921 /* Debug */,
				61C60C661F565DBC00B6A921 /* Release */,
			);
			defaultConfigurationIsVisible = 0;
			defaultConfigurationName = Release;
		};
/* End XCConfigurationList section */
	};
	rootObject = 61C60C291F565DBC00B6A921 /* Project object */;
}
